// !$*UTF8*$!
{
	archiveVersion = 1;
	classes = {
	};
	objectVersion = 56;
	objects = {

/* Begin PBXBuildFile section */
		9C5FBD4C2AA5A06000EB659C /* AppDelegate.swift in Sources */ = {isa = PBXBuildFile; fileRef = 9C5FBD4B2AA5A06000EB659C /* AppDelegate.swift */; };
		9C5FBD4E2AA5A06000EB659C /* SceneDelegate.swift in Sources */ = {isa = PBXBuildFile; fileRef = 9C5FBD4D2AA5A06000EB659C /* SceneDelegate.swift */; };
		9C5FBD502AA5A06000EB659C /* ViewController.swift in Sources */ = {isa = PBXBuildFile; fileRef = 9C5FBD4F2AA5A06000EB659C /* ViewController.swift */; };
		9C5FBD532AA5A06000EB659C /* Main.storyboard in Resources */ = {isa = PBXBuildFile; fileRef = 9C5FBD512AA5A06000EB659C /* Main.storyboard */; };
		9C5FBD562AA5A06000EB659C /* MoyaPractice.xcdatamodeld in Sources */ = {isa = PBXBuildFile; fileRef = 9C5FBD542AA5A06000EB659C /* MoyaPractice.xcdatamodeld */; };
		9C5FBD582AA5A06100EB659C /* Assets.xcassets in Resources */ = {isa = PBXBuildFile; fileRef = 9C5FBD572AA5A06100EB659C /* Assets.xcassets */; };
		9C5FBD5B2AA5A06100EB659C /* LaunchScreen.storyboard in Resources */ = {isa = PBXBuildFile; fileRef = 9C5FBD592AA5A06100EB659C /* LaunchScreen.storyboard */; };
		9C5FBD632AA5A17C00EB659C /* JokeAPI.swift in Sources */ = {isa = PBXBuildFile; fileRef = 9C5FBD622AA5A17C00EB659C /* JokeAPI.swift */; };
		D9DFD86DAA3ED6253EA307A4 /* Pods_MoyaPractice.framework in Frameworks */ = {isa = PBXBuildFile; fileRef = D10D097742D7B4D350A3BEFB /* Pods_MoyaPractice.framework */; };
/* End PBXBuildFile section */

/* Begin PBXFileReference section */
		9C5FBD482AA5A06000EB659C /* MoyaPractice.app */ = {isa = PBXFileReference; explicitFileType = wrapper.application; includeInIndex = 0; path = MoyaPractice.app; sourceTree = BUILT_PRODUCTS_DIR; };
		9C5FBD4B2AA5A06000EB659C /* AppDelegate.swift */ = {isa = PBXFileReference; lastKnownFileType = sourcecode.swift; path = AppDelegate.swift; sourceTree = "<group>"; };
		9C5FBD4D2AA5A06000EB659C /* SceneDelegate.swift */ = {isa = PBXFileReference; lastKnownFileType = sourcecode.swift; path = SceneDelegate.swift; sourceTree = "<group>"; };
		9C5FBD4F2AA5A06000EB659C /* ViewController.swift */ = {isa = PBXFileReference; lastKnownFileType = sourcecode.swift; path = ViewController.swift; sourceTree = "<group>"; };
		9C5FBD522AA5A06000EB659C /* Base */ = {isa = PBXFileReference; lastKnownFileType = file.storyboard; name = Base; path = Base.lproj/Main.storyboard; sourceTree = "<group>"; };
		9C5FBD552AA5A06000EB659C /* MoyaPractice.xcdatamodel */ = {isa = PBXFileReference; lastKnownFileType = wrapper.xcdatamodel; path = MoyaPractice.xcdatamodel; sourceTree = "<group>"; };
		9C5FBD572AA5A06100EB659C /* Assets.xcassets */ = {isa = PBXFileReference; lastKnownFileType = folder.assetcatalog; path = Assets.xcassets; sourceTree = "<group>"; };
		9C5FBD5A2AA5A06100EB659C /* Base */ = {isa = PBXFileReference; lastKnownFileType = file.storyboard; name = Base; path = Base.lproj/LaunchScreen.storyboard; sourceTree = "<group>"; };
		9C5FBD5C2AA5A06100EB659C /* Info.plist */ = {isa = PBXFileReference; lastKnownFileType = text.plist.xml; path = Info.plist; sourceTree = "<group>"; };
		9C5FBD622AA5A17C00EB659C /* JokeAPI.swift */ = {isa = PBXFileReference; lastKnownFileType = sourcecode.swift; path = JokeAPI.swift; sourceTree = "<group>"; };
		BB941C7C62A905848402B634 /* Pods-MoyaPractice.debug.xcconfig */ = {isa = PBXFileReference; includeInIndex = 1; lastKnownFileType = text.xcconfig; name = "Pods-MoyaPractice.debug.xcconfig"; path = "Target Support Files/Pods-MoyaPractice/Pods-MoyaPractice.debug.xcconfig"; sourceTree = "<group>"; };
		D10D097742D7B4D350A3BEFB /* Pods_MoyaPractice.framework */ = {isa = PBXFileReference; explicitFileType = wrapper.framework; includeInIndex = 0; path = Pods_MoyaPractice.framework; sourceTree = BUILT_PRODUCTS_DIR; };
		DEF9096F8886323A83BF07A3 /* Pods-MoyaPractice.release.xcconfig */ = {isa = PBXFileReference; includeInIndex = 1; lastKnownFileType = text.xcconfig; name = "Pods-MoyaPractice.release.xcconfig"; path = "Target Support Files/Pods-MoyaPractice/Pods-MoyaPractice.release.xcconfig"; sourceTree = "<group>"; };
/* End PBXFileReference section */

/* Begin PBXFrameworksBuildPhase section */
		9C5FBD452AA5A06000EB659C /* Frameworks */ = {
			isa = PBXFrameworksBuildPhase;
			buildActionMask = 2147483647;
			files = (
				D9DFD86DAA3ED6253EA307A4 /* Pods_MoyaPractice.framework in Frameworks */,
			);
			runOnlyForDeploymentPostprocessing = 0;
		};
/* End PBXFrameworksBuildPhase section */

/* Begin PBXGroup section */
		23F6F86C24A4BF1EC7EB1B6A /* Frameworks */ = {
			isa = PBXGroup;
			children = (
				D10D097742D7B4D350A3BEFB /* Pods_MoyaPractice.framework */,
			);
			name = Frameworks;
			sourceTree = "<group>";
		};
		9C5FBD3F2AA5A06000EB659C = {
			isa = PBXGroup;
			children = (
				9C5FBD4A2AA5A06000EB659C /* MoyaPractice */,
				9C5FBD492AA5A06000EB659C /* Products */,
				F9BDB5857A5641BBB31EA915 /* Pods */,
				23F6F86C24A4BF1EC7EB1B6A /* Frameworks */,
			);
			sourceTree = "<group>";
		};
		9C5FBD492AA5A06000EB659C /* Products */ = {
			isa = PBXGroup;
			children = (
				9C5FBD482AA5A06000EB659C /* MoyaPractice.app */,
			);
			name = Products;
			sourceTree = "<group>";
		};
		9C5FBD4A2AA5A06000EB659C /* MoyaPractice */ = {
			isa = PBXGroup;
			children = (
				9C5FBD4B2AA5A06000EB659C /* AppDelegate.swift */,
				9C5FBD4D2AA5A06000EB659C /* SceneDelegate.swift */,
				9C5FBD4F2AA5A06000EB659C /* ViewController.swift */,
				9C5FBD512AA5A06000EB659C /* Main.storyboard */,
				9C5FBD572AA5A06100EB659C /* Assets.xcassets */,
				9C5FBD592AA5A06100EB659C /* LaunchScreen.storyboard */,
				9C5FBD5C2AA5A06100EB659C /* Info.plist */,
				9C5FBD542AA5A06000EB659C /* MoyaPractice.xcdatamodeld */,
				9C5FBD622AA5A17C00EB659C /* JokeAPI.swift */,
			);
			path = MoyaPractice;
			sourceTree = "<group>";
		};
		F9BDB5857A5641BBB31EA915 /* Pods */ = {
			isa = PBXGroup;
			children = (
				BB941C7C62A905848402B634 /* Pods-MoyaPractice.debug.xcconfig */,
				DEF9096F8886323A83BF07A3 /* Pods-MoyaPractice.release.xcconfig */,
			);
			path = Pods;
			sourceTree = "<group>";
		};
/* End PBXGroup section */

/* Begin PBXNativeTarget section */
		9C5FBD472AA5A06000EB659C /* MoyaPractice */ = {
			isa = PBXNativeTarget;
			buildConfigurationList = 9C5FBD5F2AA5A06100EB659C /* Build configuration list for PBXNativeTarget "MoyaPractice" */;
			buildPhases = (
				4911632251728DAB05083D5D /* [CP] Check Pods Manifest.lock */,
				9C5FBD442AA5A06000EB659C /* Sources */,
				9C5FBD452AA5A06000EB659C /* Frameworks */,
				9C5FBD462AA5A06000EB659C /* Resources */,
				5395BF577531ED08F2BABB4A /* [CP] Embed Pods Frameworks */,
			);
			buildRules = (
			);
			dependencies = (
			);
			name = MoyaPractice;
			productName = MoyaPractice;
			productReference = 9C5FBD482AA5A06000EB659C /* MoyaPractice.app */;
			productType = "com.apple.product-type.application";
		};
/* End PBXNativeTarget section */

/* Begin PBXProject section */
		9C5FBD402AA5A06000EB659C /* Project object */ = {
			isa = PBXProject;
			attributes = {
				BuildIndependentTargetsInParallel = 1;
				LastSwiftUpdateCheck = 1430;
				LastUpgradeCheck = 1430;
				TargetAttributes = {
					9C5FBD472AA5A06000EB659C = {
						CreatedOnToolsVersion = 14.3.1;
					};
				};
			};
			buildConfigurationList = 9C5FBD432AA5A06000EB659C /* Build configuration list for PBXProject "MoyaPractice" */;
			compatibilityVersion = "Xcode 14.0";
			developmentRegion = en;
			hasScannedForEncodings = 0;
			knownRegions = (
				en,
				Base,
			);
			mainGroup = 9C5FBD3F2AA5A06000EB659C;
			productRefGroup = 9C5FBD492AA5A06000EB659C /* Products */;
			projectDirPath = "";
			projectRoot = "";
			targets = (
				9C5FBD472AA5A06000EB659C /* MoyaPractice */,
			);
		};
/* End PBXProject section */

/* Begin PBXResourcesBuildPhase section */
		9C5FBD462AA5A06000EB659C /* Resources */ = {
			isa = PBXResourcesBuildPhase;
			buildActionMask = 2147483647;
			files = (
				9C5FBD5B2AA5A06100EB659C /* LaunchScreen.storyboard in Resources */,
				9C5FBD582AA5A06100EB659C /* Assets.xcassets in Resources */,
				9C5FBD532AA5A06000EB659C /* Main.storyboard in Resources */,
			);
			runOnlyForDeploymentPostprocessing = 0;
		};
/* End PBXResourcesBuildPhase section */

/* Begin PBXShellScriptBuildPhase section */
		4911632251728DAB05083D5D /* [CP] Check Pods Manifest.lock */ = {
			isa = PBXShellScriptBuildPhase;
			buildActionMask = 2147483647;
			files = (
			);
			inputFileListPaths = (
			);
			inputPaths = (
				"${PODS_PODFILE_DIR_PATH}/Podfile.lock",
				"${PODS_ROOT}/Manifest.lock",
			);
			name = "[CP] Check Pods Manifest.lock";
			outputFileListPaths = (
			);
			outputPaths = (
				"$(DERIVED_FILE_DIR)/Pods-MoyaPractice-checkManifestLockResult.txt",
			);
			runOnlyForDeploymentPostprocessing = 0;
			shellPath = /bin/sh;
			shellScript = "diff \"${PODS_PODFILE_DIR_PATH}/Podfile.lock\" \"${PODS_ROOT}/Manifest.lock\" > /dev/null\nif [ $? != 0 ] ; then\n    # print error to STDERR\n    echo \"error: The sandbox is not in sync with the Podfile.lock. Run 'pod install' or update your CocoaPods installation.\" >&2\n    exit 1\nfi\n# This output is used by Xcode 'outputs' to avoid re-running this script phase.\necho \"SUCCESS\" > \"${SCRIPT_OUTPUT_FILE_0}\"\n";
			showEnvVarsInLog = 0;
		};
		5395BF577531ED08F2BABB4A /* [CP] Embed Pods Frameworks */ = {
			isa = PBXShellScriptBuildPhase;
			buildActionMask = 2147483647;
			files = (
			);
			inputFileListPaths = (
				"${PODS_ROOT}/Target Support Files/Pods-MoyaPractice/Pods-MoyaPractice-frameworks-${CONFIGURATION}-input-files.xcfilelist",
			);
			name = "[CP] Embed Pods Frameworks";
			outputFileListPaths = (
				"${PODS_ROOT}/Target Support Files/Pods-MoyaPractice/Pods-MoyaPractice-frameworks-${CONFIGURATION}-output-files.xcfilelist",
			);
			runOnlyForDeploymentPostprocessing = 0;
			shellPath = /bin/sh;
			shellScript = "\"${PODS_ROOT}/Target Support Files/Pods-MoyaPractice/Pods-MoyaPractice-frameworks.sh\"\n";
			showEnvVarsInLog = 0;
		};
/* End PBXShellScriptBuildPhase section */

/* Begin PBXSourcesBuildPhase section */
		9C5FBD442AA5A06000EB659C /* Sources */ = {
			isa = PBXSourcesBuildPhase;
			buildActionMask = 2147483647;
			files = (
				9C5FBD502AA5A06000EB659C /* ViewController.swift in Sources */,
				9C5FBD4C2AA5A06000EB659C /* AppDelegate.swift in Sources */,
				9C5FBD632AA5A17C00EB659C /* JokeAPI.swift in Sources */,
				9C5FBD562AA5A06000EB659C /* MoyaPractice.xcdatamodeld in Sources */,
				9C5FBD4E2AA5A06000EB659C /* SceneDelegate.swift in Sources */,
			);
			runOnlyForDeploymentPostprocessing = 0;
		};
/* End PBXSourcesBuildPhase section */

/* Begin PBXVariantGroup section */
		9C5FBD512AA5A06000EB659C /* Main.storyboard */ = {
			isa = PBXVariantGroup;
			children = (
				9C5FBD522AA5A06000EB659C /* Base */,
			);
			name = Main.storyboard;
			sourceTree = "<group>";
		};
		9C5FBD592AA5A06100EB659C /* LaunchScreen.storyboard */ = {
			isa = PBXVariantGroup;
			children = (
				9C5FBD5A2AA5A06100EB659C /* Base */,
			);
			name = LaunchScreen.storyboard;
			sourceTree = "<group>";
		};
/* End PBXVariantGroup section */

/* Begin XCBuildConfiguration section */
		9C5FBD5D2AA5A06100EB659C /* Debug */ = {
			isa = XCBuildConfiguration;
			buildSettings = {
				ALWAYS_SEARCH_USER_PATHS = NO;
				CLANG_ANALYZER_NONNULL = YES;
				CLANG_ANALYZER_NUMBER_OBJECT_CONVERSION = YES_AGGRESSIVE;
				CLANG_CXX_LANGUAGE_STANDARD = "gnu++20";
				CLANG_ENABLE_MODULES = YES;
				CLANG_ENABLE_OBJC_ARC = YES;
				CLANG_ENABLE_OBJC_WEAK = YES;
				CLANG_WARN_BLOCK_CAPTURE_AUTORELEASING = YES;
				CLANG_WARN_BOOL_CONVERSION = YES;
				CLANG_WARN_COMMA = YES;
				CLANG_WARN_CONSTANT_CONVERSION = YES;
				CLANG_WARN_DEPRECATED_OBJC_IMPLEMENTATIONS = YES;
				CLANG_WARN_DIRECT_OBJC_ISA_USAGE = YES_ERROR;
				CLANG_WARN_DOCUMENTATION_COMMENTS = YES;
				CLANG_WARN_EMPTY_BODY = YES;
				CLANG_WARN_ENUM_CONVERSION = YES;
				CLANG_WARN_INFINITE_RECURSION = YES;
				CLANG_WARN_INT_CONVERSION = YES;
				CLANG_WARN_NON_LITERAL_NULL_CONVERSION = YES;
				CLANG_WARN_OBJC_IMPLICIT_RETAIN_SELF = YES;
				CLANG_WARN_OBJC_LITERAL_CONVERSION = YES;
				CLANG_WARN_OBJC_ROOT_CLASS = YES_ERROR;
				CLANG_WARN_QUOTED_INCLUDE_IN_FRAMEWORK_HEADER = YES;
				CLANG_WARN_RANGE_LOOP_ANALYSIS = YES;
				CLANG_WARN_STRICT_PROTOTYPES = YES;
				CLANG_WARN_SUSPICIOUS_MOVE = YES;
				CLANG_WARN_UNGUARDED_AVAILABILITY = YES_AGGRESSIVE;
				CLANG_WARN_UNREACHABLE_CODE = YES;
				CLANG_WARN__DUPLICATE_METHOD_MATCH = YES;
				COPY_PHASE_STRIP = NO;
				DEBUG_INFORMATION_FORMAT = dwarf;
				ENABLE_STRICT_OBJC_MSGSEND = YES;
				ENABLE_TESTABILITY = YES;
				GCC_C_LANGUAGE_STANDARD = gnu11;
				GCC_DYNAMIC_NO_PIC = NO;
				GCC_NO_COMMON_BLOCKS = YES;
				GCC_OPTIMIZATION_LEVEL = 0;
				GCC_PREPROCESSOR_DEFINITIONS = (
					"DEBUG=1",
					"$(inherited)",
				);
				GCC_WARN_64_TO_32_BIT_CONVERSION = YES;
				GCC_WARN_ABOUT_RETURN_TYPE = YES_ERROR;
				GCC_WARN_UNDECLARED_SELECTOR = YES;
				GCC_WARN_UNINITIALIZED_AUTOS = YES_AGGRESSIVE;
				GCC_WARN_UNUSED_FUNCTION = YES;
				GCC_WARN_UNUSED_VARIABLE = YES;
				IPHONEOS_DEPLOYMENT_TARGET = 16.4;
				MTL_ENABLE_DEBUG_INFO = INCLUDE_SOURCE;
				MTL_FAST_MATH = YES;
				ONLY_ACTIVE_ARCH = YES;
				SDKROOT = iphoneos;
				SWIFT_ACTIVE_COMPILATION_CONDITIONS = DEBUG;
				SWIFT_OPTIMIZATION_LEVEL = "-Onone";
			};
			name = Debug;
		};
		9C5FBD5E2AA5A06100EB659C /* Release */ = {
			isa = XCBuildConfiguration;
			buildSettings = {
				ALWAYS_SEARCH_USER_PATHS = NO;
				CLANG_ANALYZER_NONNULL = YES;
				CLANG_ANALYZER_NUMBER_OBJECT_CONVERSION = YES_AGGRESSIVE;
				CLANG_CXX_LANGUAGE_STANDARD = "gnu++20";
				CLANG_ENABLE_MODULES = YES;
				CLANG_ENABLE_OBJC_ARC = YES;
				CLANG_ENABLE_OBJC_WEAK = YES;
				CLANG_WARN_BLOCK_CAPTURE_AUTORELEASING = YES;
				CLANG_WARN_BOOL_CONVERSION = YES;
				CLANG_WARN_COMMA = YES;
				CLANG_WARN_CONSTANT_CONVERSION = YES;
				CLANG_WARN_DEPRECATED_OBJC_IMPLEMENTATIONS = YES;
				CLANG_WARN_DIRECT_OBJC_ISA_USAGE = YES_ERROR;
				CLANG_WARN_DOCUMENTATION_COMMENTS = YES;
				CLANG_WARN_EMPTY_BODY = YES;
				CLANG_WARN_ENUM_CONVERSION = YES;
				CLANG_WARN_INFINITE_RECURSION = YES;
				CLANG_WARN_INT_CONVERSION = YES;
				CLANG_WARN_NON_LITERAL_NULL_CONVERSION = YES;
				CLANG_WARN_OBJC_IMPLICIT_RETAIN_SELF = YES;
				CLANG_WARN_OBJC_LITERAL_CONVERSION = YES;
				CLANG_WARN_OBJC_ROOT_CLASS = YES_ERROR;
				CLANG_WARN_QUOTED_INCLUDE_IN_FRAMEWORK_HEADER = YES;
				CLANG_WARN_RANGE_LOOP_ANALYSIS = YES;
				CLANG_WARN_STRICT_PROTOTYPES = YES;
				CLANG_WARN_SUSPICIOUS_MOVE = YES;
				CLANG_WARN_UNGUARDED_AVAILABILITY = YES_AGGRESSIVE;
				CLANG_WARN_UNREACHABLE_CODE = YES;
				CLANG_WARN__DUPLICATE_METHOD_MATCH = YES;
				COPY_PHASE_STRIP = NO;
				DEBUG_INFORMATION_FORMAT = "dwarf-with-dsym";
				ENABLE_NS_ASSERTIONS = NO;
				ENABLE_STRICT_OBJC_MSGSEND = YES;
				GCC_C_LANGUAGE_STANDARD = gnu11;
				GCC_NO_COMMON_BLOCKS = YES;
				GCC_WARN_64_TO_32_BIT_CONVERSION = YES;
				GCC_WARN_ABOUT_RETURN_TYPE = YES_ERROR;
				GCC_WARN_UNDECLARED_SELECTOR = YES;
				GCC_WARN_UNINITIALIZED_AUTOS = YES_AGGRESSIVE;
				GCC_WARN_UNUSED_FUNCTION = YES;
				GCC_WARN_UNUSED_VARIABLE = YES;
				IPHONEOS_DEPLOYMENT_TARGET = 16.4;
				MTL_ENABLE_DEBUG_INFO = NO;
				MTL_FAST_MATH = YES;
				SDKROOT = iphoneos;
				SWIFT_COMPILATION_MODE = wholemodule;
				SWIFT_OPTIMIZATION_LEVEL = "-O";
				VALIDATE_PRODUCT = YES;
			};
			name = Release;
		};
		9C5FBD602AA5A06100EB659C /* Debug */ = {
			isa = XCBuildConfiguration;
			baseConfigurationReference = BB941C7C62A905848402B634 /* Pods-MoyaPractice.debug.xcconfig */;
			buildSettings = {
				ASSETCATALOG_COMPILER_APPICON_NAME = AppIcon;
				ASSETCATALOG_COMPILER_GLOBAL_ACCENT_COLOR_NAME = AccentColor;
				CODE_SIGN_STYLE = Automatic;
				CURRENT_PROJECT_VERSION = 1;
				DEVELOPMENT_TEAM = KNU45PG8G9;
				GENERATE_INFOPLIST_FILE = YES;
				INFOPLIST_FILE = MoyaPractice/Info.plist;
				INFOPLIST_KEY_UIApplicationSupportsIndirectInputEvents = YES;
				INFOPLIST_KEY_UILaunchStoryboardName = LaunchScreen;
				INFOPLIST_KEY_UIMainStoryboardFile = Main;
				INFOPLIST_KEY_UISupportedInterfaceOrientations_iPad = "UIInterfaceOrientationPortrait UIInterfaceOrientationPortraitUpsideDown UIInterfaceOrientationLandscapeLeft UIInterfaceOrientationLandscapeRight";
				INFOPLIST_KEY_UISupportedInterfaceOrientations_iPhone = "UIInterfaceOrientationPortrait UIInterfaceOrientationLandscapeLeft UIInterfaceOrientationLandscapeRight";
				LD_RUNPATH_SEARCH_PATHS = (
					"$(inherited)",
					"@executable_path/Frameworks",
				);
				MARKETING_VERSION = 1.0;
				PRODUCT_BUNDLE_IDENTIFIER = com.ysome.MoyaPractice;
				PRODUCT_NAME = "$(TARGET_NAME)";
				SWIFT_EMIT_LOC_STRINGS = YES;
				SWIFT_VERSION = 5.0;
				TARGETED_DEVICE_FAMILY = "1,2";
			};
			name = Debug;
		};
		9C5FBD612AA5A06100EB659C /* Release */ = {
			isa = XCBuildConfiguration;
			baseConfigurationReference = DEF9096F8886323A83BF07A3 /* Pods-MoyaPractice.release.xcconfig */;
			buildSettings = {
				ASSETCATALOG_COMPILER_APPICON_NAME = AppIcon;
				ASSETCATALOG_COMPILER_GLOBAL_ACCENT_COLOR_NAME = AccentColor;
				CODE_SIGN_STYLE = Automatic;
				CURRENT_PROJECT_VERSION = 1;
				DEVELOPMENT_TEAM = KNU45PG8G9;
				GENERATE_INFOPLIST_FILE = YES;
				INFOPLIST_FILE = MoyaPractice/Info.plist;
				INFOPLIST_KEY_UIApplicationSupportsIndirectInputEvents = YES;
				INFOPLIST_KEY_UILaunchStoryboardName = LaunchScreen;
				INFOPLIST_KEY_UIMainStoryboardFile = Main;
				INFOPLIST_KEY_UISupportedInterfaceOrientations_iPad = "UIInterfaceOrientationPortrait UIInterfaceOrientationPortraitUpsideDown UIInterfaceOrientationLandscapeLeft UIInterfaceOrientationLandscapeRight";
				INFOPLIST_KEY_UISupportedInterfaceOrientations_iPhone = "UIInterfaceOrientationPortrait UIInterfaceOrientationLandscapeLeft UIInterfaceOrientationLandscapeRight";
				LD_RUNPATH_SEARCH_PATHS = (
					"$(inherited)",
					"@executable_path/Frameworks",
				);
				MARKETING_VERSION = 1.0;
				PRODUCT_BUNDLE_IDENTIFIER = com.ysome.MoyaPractice;
				PRODUCT_NAME = "$(TARGET_NAME)";
				SWIFT_EMIT_LOC_STRINGS = YES;
				SWIFT_VERSION = 5.0;
				TARGETED_DEVICE_FAMILY = "1,2";
			};
			name = Release;
		};
/* End XCBuildConfiguration section */

/* Begin XCConfigurationList section */
		9C5FBD432AA5A06000EB659C /* Build configuration list for PBXProject "MoyaPractice" */ = {
			isa = XCConfigurationList;
			buildConfigurations = (
				9C5FBD5D2AA5A06100EB659C /* Debug */,
				9C5FBD5E2AA5A06100EB659C /* Release */,
			);
			defaultConfigurationIsVisible = 0;
			defaultConfigurationName = Release;
		};
		9C5FBD5F2AA5A06100EB659C /* Build configuration list for PBXNativeTarget "MoyaPractice" */ = {
			isa = XCConfigurationList;
			buildConfigurations = (
				9C5FBD602AA5A06100EB659C /* Debug */,
				9C5FBD612AA5A06100EB659C /* Release */,
			);
			defaultConfigurationIsVisible = 0;
			defaultConfigurationName = Release;
		};
/* End XCConfigurationList section */

/* Begin XCVersionGroup section */
		9C5FBD542AA5A06000EB659C /* MoyaPractice.xcdatamodeld */ = {
			isa = XCVersionGroup;
			children = (
				9C5FBD552AA5A06000EB659C /* MoyaPractice.xcdatamodel */,
			);
			currentVersion = 9C5FBD552AA5A06000EB659C /* MoyaPractice.xcdatamodel */;
			path = MoyaPractice.xcdatamodeld;
			sourceTree = "<group>";
			versionGroupType = wrapper.xcdatamodel;
		};
/* End XCVersionGroup section */
	};
	rootObject = 9C5FBD402AA5A06000EB659C /* Project object */;
}
