// !$*UTF8*$!
{
	archiveVersion = 1;
	classes = {
	};
	objectVersion = 56;
	objects = {

/* Begin PBXBuildFile section */
		664F9C084865B8D0AE7F5452 /* Pods_MVVMRxSwiftTutorial.framework in Frameworks */ = {isa = PBXBuildFile; fileRef = A4BDCC3EF8960FA2D3A141C0 /* Pods_MVVMRxSwiftTutorial.framework */; };
		9C5FBED62ADE294D00EB659C /* AppDelegate.swift in Sources */ = {isa = PBXBuildFile; fileRef = 9C5FBED52ADE294D00EB659C /* AppDelegate.swift */; };
		9C5FBED82ADE294D00EB659C /* SceneDelegate.swift in Sources */ = {isa = PBXBuildFile; fileRef = 9C5FBED72ADE294D00EB659C /* SceneDelegate.swift */; };
		9C5FBEDF2ADE294E00EB659C /* Assets.xcassets in Resources */ = {isa = PBXBuildFile; fileRef = 9C5FBEDE2ADE294E00EB659C /* Assets.xcassets */; };
		9C5FBEE22ADE294E00EB659C /* LaunchScreen.storyboard in Resources */ = {isa = PBXBuildFile; fileRef = 9C5FBEE02ADE294E00EB659C /* LaunchScreen.storyboard */; };
		9C5FBEEB2ADE29F500EB659C /* RootViewController.swift in Sources */ = {isa = PBXBuildFile; fileRef = 9C5FBEEA2ADE29F500EB659C /* RootViewController.swift */; };
		9C5FBEED2ADE2A4700EB659C /* Coordinator.swift in Sources */ = {isa = PBXBuildFile; fileRef = 9C5FBEEC2ADE2A4700EB659C /* Coordinator.swift */; };
		9C5FBEF02ADE2D9000EB659C /* Article.swift in Sources */ = {isa = PBXBuildFile; fileRef = 9C5FBEEF2ADE2D9000EB659C /* Article.swift */; };
		9C5FBEF32ADE36BB00EB659C /* ArticleService.swift in Sources */ = {isa = PBXBuildFile; fileRef = 9C5FBEF22ADE36BB00EB659C /* ArticleService.swift */; };
		9C5FBEF62ADE399800EB659C /* RootViewModel.swift in Sources */ = {isa = PBXBuildFile; fileRef = 9C5FBEF52ADE399800EB659C /* RootViewModel.swift */; };
		9C5FBEF82ADE3F8600EB659C /* ArticleViewModel.swift in Sources */ = {isa = PBXBuildFile; fileRef = 9C5FBEF72ADE3F8600EB659C /* ArticleViewModel.swift */; };
		9C5FBEFB2ADE437700EB659C /* ArticleCell.swift in Sources */ = {isa = PBXBuildFile; fileRef = 9C5FBEFA2ADE437700EB659C /* ArticleCell.swift */; };
/* End PBXBuildFile section */

/* Begin PBXFileReference section */
		14D6CD02C275CB1C9474DB60 /* Pods-MVVMRxSwiftTutorial.debug.xcconfig */ = {isa = PBXFileReference; includeInIndex = 1; lastKnownFileType = text.xcconfig; name = "Pods-MVVMRxSwiftTutorial.debug.xcconfig"; path = "Target Support Files/Pods-MVVMRxSwiftTutorial/Pods-MVVMRxSwiftTutorial.debug.xcconfig"; sourceTree = "<group>"; };
		9C5FBED22ADE294D00EB659C /* MVVMRxSwiftTutorial.app */ = {isa = PBXFileReference; explicitFileType = wrapper.application; includeInIndex = 0; path = MVVMRxSwiftTutorial.app; sourceTree = BUILT_PRODUCTS_DIR; };
		9C5FBED52ADE294D00EB659C /* AppDelegate.swift */ = {isa = PBXFileReference; lastKnownFileType = sourcecode.swift; path = AppDelegate.swift; sourceTree = "<group>"; };
		9C5FBED72ADE294D00EB659C /* SceneDelegate.swift */ = {isa = PBXFileReference; lastKnownFileType = sourcecode.swift; path = SceneDelegate.swift; sourceTree = "<group>"; };
		9C5FBEDE2ADE294E00EB659C /* Assets.xcassets */ = {isa = PBXFileReference; lastKnownFileType = folder.assetcatalog; path = Assets.xcassets; sourceTree = "<group>"; };
		9C5FBEE12ADE294E00EB659C /* Base */ = {isa = PBXFileReference; lastKnownFileType = file.storyboard; name = Base; path = Base.lproj/LaunchScreen.storyboard; sourceTree = "<group>"; };
		9C5FBEE32ADE294E00EB659C /* Info.plist */ = {isa = PBXFileReference; lastKnownFileType = text.plist.xml; path = Info.plist; sourceTree = "<group>"; };
		9C5FBEEA2ADE29F500EB659C /* RootViewController.swift */ = {isa = PBXFileReference; lastKnownFileType = sourcecode.swift; path = RootViewController.swift; sourceTree = "<group>"; };
		9C5FBEEC2ADE2A4700EB659C /* Coordinator.swift */ = {isa = PBXFileReference; lastKnownFileType = sourcecode.swift; path = Coordinator.swift; sourceTree = "<group>"; };
		9C5FBEEF2ADE2D9000EB659C /* Article.swift */ = {isa = PBXFileReference; lastKnownFileType = sourcecode.swift; path = Article.swift; sourceTree = "<group>"; };
		9C5FBEF22ADE36BB00EB659C /* ArticleService.swift */ = {isa = PBXFileReference; lastKnownFileType = sourcecode.swift; path = ArticleService.swift; sourceTree = "<group>"; };
		9C5FBEF52ADE399800EB659C /* RootViewModel.swift */ = {isa = PBXFileReference; lastKnownFileType = sourcecode.swift; path = RootViewModel.swift; sourceTree = "<group>"; };
		9C5FBEF72ADE3F8600EB659C /* ArticleViewModel.swift */ = {isa = PBXFileReference; lastKnownFileType = sourcecode.swift; path = ArticleViewModel.swift; sourceTree = "<group>"; };
		9C5FBEFA2ADE437700EB659C /* ArticleCell.swift */ = {isa = PBXFileReference; lastKnownFileType = sourcecode.swift; path = ArticleCell.swift; sourceTree = "<group>"; };
		A4BDCC3EF8960FA2D3A141C0 /* Pods_MVVMRxSwiftTutorial.framework */ = {isa = PBXFileReference; explicitFileType = wrapper.framework; includeInIndex = 0; path = Pods_MVVMRxSwiftTutorial.framework; sourceTree = BUILT_PRODUCTS_DIR; };
		AC32648315A2F8CD073D07B5 /* Pods-MVVMRxSwiftTutorial.release.xcconfig */ = {isa = PBXFileReference; includeInIndex = 1; lastKnownFileType = text.xcconfig; name = "Pods-MVVMRxSwiftTutorial.release.xcconfig"; path = "Target Support Files/Pods-MVVMRxSwiftTutorial/Pods-MVVMRxSwiftTutorial.release.xcconfig"; sourceTree = "<group>"; };
/* End PBXFileReference section */

/* Begin PBXFrameworksBuildPhase section */
		9C5FBECF2ADE294D00EB659C /* Frameworks */ = {
			isa = PBXFrameworksBuildPhase;
			buildActionMask = 2147483647;
			files = (
				664F9C084865B8D0AE7F5452 /* Pods_MVVMRxSwiftTutorial.framework in Frameworks */,
			);
			runOnlyForDeploymentPostprocessing = 0;
		};
/* End PBXFrameworksBuildPhase section */

/* Begin PBXGroup section */
		9C5FBEC92ADE294D00EB659C = {
			isa = PBXGroup;
			children = (
				9C5FBED42ADE294D00EB659C /* MVVMRxSwiftTutorial */,
				9C5FBED32ADE294D00EB659C /* Products */,
				F14F766366559D5BFCECE5E1 /* Pods */,
				CF853EA2C43B6FBD62ACFD72 /* Frameworks */,
			);
			sourceTree = "<group>";
		};
		9C5FBED32ADE294D00EB659C /* Products */ = {
			isa = PBXGroup;
			children = (
				9C5FBED22ADE294D00EB659C /* MVVMRxSwiftTutorial.app */,
			);
			name = Products;
			sourceTree = "<group>";
		};
		9C5FBED42ADE294D00EB659C /* MVVMRxSwiftTutorial */ = {
			isa = PBXGroup;
			children = (
				9C5FBEF92ADE434900EB659C /* Views */,
				9C5FBEF42ADE398100EB659C /* ViewModels */,
				9C5FBEF12ADE36AB00EB659C /* Services */,
				9C5FBEEE2ADE2D7A00EB659C /* Models */,
				9C5FBEE92ADE29DC00EB659C /* Controllers */,
				9C5FBED52ADE294D00EB659C /* AppDelegate.swift */,
				9C5FBED72ADE294D00EB659C /* SceneDelegate.swift */,
				9C5FBEDE2ADE294E00EB659C /* Assets.xcassets */,
				9C5FBEE02ADE294E00EB659C /* LaunchScreen.storyboard */,
				9C5FBEE32ADE294E00EB659C /* Info.plist */,
				9C5FBEEC2ADE2A4700EB659C /* Coordinator.swift */,
			);
			path = MVVMRxSwiftTutorial;
			sourceTree = "<group>";
		};
		9C5FBEE92ADE29DC00EB659C /* Controllers */ = {
			isa = PBXGroup;
			children = (
				9C5FBEEA2ADE29F500EB659C /* RootViewController.swift */,
			);
			path = Controllers;
			sourceTree = "<group>";
		};
		9C5FBEEE2ADE2D7A00EB659C /* Models */ = {
			isa = PBXGroup;
			children = (
				9C5FBEEF2ADE2D9000EB659C /* Article.swift */,
			);
			path = Models;
			sourceTree = "<group>";
		};
		9C5FBEF12ADE36AB00EB659C /* Services */ = {
			isa = PBXGroup;
			children = (
				9C5FBEF22ADE36BB00EB659C /* ArticleService.swift */,
			);
			path = Services;
			sourceTree = "<group>";
		};
		9C5FBEF42ADE398100EB659C /* ViewModels */ = {
			isa = PBXGroup;
			children = (
				9C5FBEF52ADE399800EB659C /* RootViewModel.swift */,
				9C5FBEF72ADE3F8600EB659C /* ArticleViewModel.swift */,
			);
			path = ViewModels;
			sourceTree = "<group>";
		};
		9C5FBEF92ADE434900EB659C /* Views */ = {
			isa = PBXGroup;
			children = (
				9C5FBEFA2ADE437700EB659C /* ArticleCell.swift */,
			);
			path = Views;
			sourceTree = "<group>";
		};
		CF853EA2C43B6FBD62ACFD72 /* Frameworks */ = {
			isa = PBXGroup;
			children = (
				A4BDCC3EF8960FA2D3A141C0 /* Pods_MVVMRxSwiftTutorial.framework */,
			);
			name = Frameworks;
			sourceTree = "<group>";
		};
		F14F766366559D5BFCECE5E1 /* Pods */ = {
			isa = PBXGroup;
			children = (
				14D6CD02C275CB1C9474DB60 /* Pods-MVVMRxSwiftTutorial.debug.xcconfig */,
				AC32648315A2F8CD073D07B5 /* Pods-MVVMRxSwiftTutorial.release.xcconfig */,
			);
			path = Pods;
			sourceTree = "<group>";
		};
/* End PBXGroup section */

/* Begin PBXNativeTarget section */
		9C5FBED12ADE294D00EB659C /* MVVMRxSwiftTutorial */ = {
			isa = PBXNativeTarget;
			buildConfigurationList = 9C5FBEE62ADE294E00EB659C /* Build configuration list for PBXNativeTarget "MVVMRxSwiftTutorial" */;
			buildPhases = (
				760E9D7FC1A4F3585A16BE75 /* [CP] Check Pods Manifest.lock */,
				9C5FBECE2ADE294D00EB659C /* Sources */,
				9C5FBECF2ADE294D00EB659C /* Frameworks */,
				9C5FBED02ADE294D00EB659C /* Resources */,
				5BBC4C0DD7F8A21E4B2C7A29 /* [CP] Embed Pods Frameworks */,
			);
			buildRules = (
			);
			dependencies = (
			);
			name = MVVMRxSwiftTutorial;
			productName = MVVMRxSwiftTutorial;
			productReference = 9C5FBED22ADE294D00EB659C /* MVVMRxSwiftTutorial.app */;
			productType = "com.apple.product-type.application";
		};
/* End PBXNativeTarget section */

/* Begin PBXProject section */
		9C5FBECA2ADE294D00EB659C /* Project object */ = {
			isa = PBXProject;
			attributes = {
				BuildIndependentTargetsInParallel = 1;
				LastSwiftUpdateCheck = 1430;
				LastUpgradeCheck = 1430;
				TargetAttributes = {
					9C5FBED12ADE294D00EB659C = {
						CreatedOnToolsVersion = 14.3.1;
					};
				};
			};
			buildConfigurationList = 9C5FBECD2ADE294D00EB659C /* Build configuration list for PBXProject "MVVMRxSwiftTutorial" */;
			compatibilityVersion = "Xcode 14.0";
			developmentRegion = en;
			hasScannedForEncodings = 0;
			knownRegions = (
				en,
				Base,
			);
			mainGroup = 9C5FBEC92ADE294D00EB659C;
			productRefGroup = 9C5FBED32ADE294D00EB659C /* Products */;
			projectDirPath = "";
			projectRoot = "";
			targets = (
				9C5FBED12ADE294D00EB659C /* MVVMRxSwiftTutorial */,
			);
		};
/* End PBXProject section */

/* Begin PBXResourcesBuildPhase section */
		9C5FBED02ADE294D00EB659C /* Resources */ = {
			isa = PBXResourcesBuildPhase;
			buildActionMask = 2147483647;
			files = (
				9C5FBEE22ADE294E00EB659C /* LaunchScreen.storyboard in Resources */,
				9C5FBEDF2ADE294E00EB659C /* Assets.xcassets in Resources */,
			);
			runOnlyForDeploymentPostprocessing = 0;
		};
/* End PBXResourcesBuildPhase section */

/* Begin PBXShellScriptBuildPhase section */
		5BBC4C0DD7F8A21E4B2C7A29 /* [CP] Embed Pods Frameworks */ = {
			isa = PBXShellScriptBuildPhase;
			buildActionMask = 2147483647;
			files = (
			);
			inputFileListPaths = (
				"${PODS_ROOT}/Target Support Files/Pods-MVVMRxSwiftTutorial/Pods-MVVMRxSwiftTutorial-frameworks-${CONFIGURATION}-input-files.xcfilelist",
			);
			name = "[CP] Embed Pods Frameworks";
			outputFileListPaths = (
				"${PODS_ROOT}/Target Support Files/Pods-MVVMRxSwiftTutorial/Pods-MVVMRxSwiftTutorial-frameworks-${CONFIGURATION}-output-files.xcfilelist",
			);
			runOnlyForDeploymentPostprocessing = 0;
			shellPath = /bin/sh;
			shellScript = "\"${PODS_ROOT}/Target Support Files/Pods-MVVMRxSwiftTutorial/Pods-MVVMRxSwiftTutorial-frameworks.sh\"\n";
			showEnvVarsInLog = 0;
		};
		760E9D7FC1A4F3585A16BE75 /* [CP] Check Pods Manifest.lock */ = {
			isa = PBXShellScriptBuildPhase;
			buildActionMask = 2147483647;
			files = (
			);
			inputFileListPaths = (
			);
			inputPaths = (
				"${PODS_PODFILE_DIR_PATH}/Podfile.lock",
				"${PODS_ROOT}/Manifest.lock",
			);
			name = "[CP] Check Pods Manifest.lock";
			outputFileListPaths = (
			);
			outputPaths = (
				"$(DERIVED_FILE_DIR)/Pods-MVVMRxSwiftTutorial-checkManifestLockResult.txt",
			);
			runOnlyForDeploymentPostprocessing = 0;
			shellPath = /bin/sh;
			shellScript = "diff \"${PODS_PODFILE_DIR_PATH}/Podfile.lock\" \"${PODS_ROOT}/Manifest.lock\" > /dev/null\nif [ $? != 0 ] ; then\n    # print error to STDERR\n    echo \"error: The sandbox is not in sync with the Podfile.lock. Run 'pod install' or update your CocoaPods installation.\" >&2\n    exit 1\nfi\n# This output is used by Xcode 'outputs' to avoid re-running this script phase.\necho \"SUCCESS\" > \"${SCRIPT_OUTPUT_FILE_0}\"\n";
			showEnvVarsInLog = 0;
		};
/* End PBXShellScriptBuildPhase section */

/* Begin PBXSourcesBuildPhase section */
		9C5FBECE2ADE294D00EB659C /* Sources */ = {
			isa = PBXSourcesBuildPhase;
			buildActionMask = 2147483647;
			files = (
				9C5FBEED2ADE2A4700EB659C /* Coordinator.swift in Sources */,
				9C5FBEF82ADE3F8600EB659C /* ArticleViewModel.swift in Sources */,
				9C5FBEF62ADE399800EB659C /* RootViewModel.swift in Sources */,
				9C5FBED62ADE294D00EB659C /* AppDelegate.swift in Sources */,
				9C5FBEF32ADE36BB00EB659C /* ArticleService.swift in Sources */,
				9C5FBEFB2ADE437700EB659C /* ArticleCell.swift in Sources */,
				9C5FBED82ADE294D00EB659C /* SceneDelegate.swift in Sources */,
				9C5FBEEB2ADE29F500EB659C /* RootViewController.swift in Sources */,
				9C5FBEF02ADE2D9000EB659C /* Article.swift in Sources */,
			);
			runOnlyForDeploymentPostprocessing = 0;
		};
/* End PBXSourcesBuildPhase section */

/* Begin PBXVariantGroup section */
		9C5FBEE02ADE294E00EB659C /* LaunchScreen.storyboard */ = {
			isa = PBXVariantGroup;
			children = (
				9C5FBEE12ADE294E00EB659C /* Base */,
			);
			name = LaunchScreen.storyboard;
			sourceTree = "<group>";
		};
/* End PBXVariantGroup section */

/* Begin XCBuildConfiguration section */
		9C5FBEE42ADE294E00EB659C /* Debug */ = {
			isa = XCBuildConfiguration;
			buildSettings = {
				ALWAYS_SEARCH_USER_PATHS = NO;
				CLANG_ANALYZER_NONNULL = YES;
				CLANG_ANALYZER_NUMBER_OBJECT_CONVERSION = YES_AGGRESSIVE;
				CLANG_CXX_LANGUAGE_STANDARD = "gnu++20";
				CLANG_ENABLE_MODULES = YES;
				CLANG_ENABLE_OBJC_ARC = YES;
				CLANG_ENABLE_OBJC_WEAK = YES;
				CLANG_WARN_BLOCK_CAPTURE_AUTORELEASING = YES;
				CLANG_WARN_BOOL_CONVERSION = YES;
				CLANG_WARN_COMMA = YES;
				CLANG_WARN_CONSTANT_CONVERSION = YES;
				CLANG_WARN_DEPRECATED_OBJC_IMPLEMENTATIONS = YES;
				CLANG_WARN_DIRECT_OBJC_ISA_USAGE = YES_ERROR;
				CLANG_WARN_DOCUMENTATION_COMMENTS = YES;
				CLANG_WARN_EMPTY_BODY = YES;
				CLANG_WARN_ENUM_CONVERSION = YES;
				CLANG_WARN_INFINITE_RECURSION = YES;
				CLANG_WARN_INT_CONVERSION = YES;
				CLANG_WARN_NON_LITERAL_NULL_CONVERSION = YES;
				CLANG_WARN_OBJC_IMPLICIT_RETAIN_SELF = YES;
				CLANG_WARN_OBJC_LITERAL_CONVERSION = YES;
				CLANG_WARN_OBJC_ROOT_CLASS = YES_ERROR;
				CLANG_WARN_QUOTED_INCLUDE_IN_FRAMEWORK_HEADER = YES;
				CLANG_WARN_RANGE_LOOP_ANALYSIS = YES;
				CLANG_WARN_STRICT_PROTOTYPES = YES;
				CLANG_WARN_SUSPICIOUS_MOVE = YES;
				CLANG_WARN_UNGUARDED_AVAILABILITY = YES_AGGRESSIVE;
				CLANG_WARN_UNREACHABLE_CODE = YES;
				CLANG_WARN__DUPLICATE_METHOD_MATCH = YES;
				COPY_PHASE_STRIP = NO;
				DEBUG_INFORMATION_FORMAT = dwarf;
				ENABLE_STRICT_OBJC_MSGSEND = YES;
				ENABLE_TESTABILITY = YES;
				GCC_C_LANGUAGE_STANDARD = gnu11;
				GCC_DYNAMIC_NO_PIC = NO;
				GCC_NO_COMMON_BLOCKS = YES;
				GCC_OPTIMIZATION_LEVEL = 0;
				GCC_PREPROCESSOR_DEFINITIONS = (
					"DEBUG=1",
					"$(inherited)",
				);
				GCC_WARN_64_TO_32_BIT_CONVERSION = YES;
				GCC_WARN_ABOUT_RETURN_TYPE = YES_ERROR;
				GCC_WARN_UNDECLARED_SELECTOR = YES;
				GCC_WARN_UNINITIALIZED_AUTOS = YES_AGGRESSIVE;
				GCC_WARN_UNUSED_FUNCTION = YES;
				GCC_WARN_UNUSED_VARIABLE = YES;
				IPHONEOS_DEPLOYMENT_TARGET = 16.4;
				MTL_ENABLE_DEBUG_INFO = INCLUDE_SOURCE;
				MTL_FAST_MATH = YES;
				ONLY_ACTIVE_ARCH = YES;
				SDKROOT = iphoneos;
				SWIFT_ACTIVE_COMPILATION_CONDITIONS = DEBUG;
				SWIFT_OPTIMIZATION_LEVEL = "-Onone";
			};
			name = Debug;
		};
		9C5FBEE52ADE294E00EB659C /* Release */ = {
			isa = XCBuildConfiguration;
			buildSettings = {
				ALWAYS_SEARCH_USER_PATHS = NO;
				CLANG_ANALYZER_NONNULL = YES;
				CLANG_ANALYZER_NUMBER_OBJECT_CONVERSION = YES_AGGRESSIVE;
				CLANG_CXX_LANGUAGE_STANDARD = "gnu++20";
				CLANG_ENABLE_MODULES = YES;
				CLANG_ENABLE_OBJC_ARC = YES;
				CLANG_ENABLE_OBJC_WEAK = YES;
				CLANG_WARN_BLOCK_CAPTURE_AUTORELEASING = YES;
				CLANG_WARN_BOOL_CONVERSION = YES;
				CLANG_WARN_COMMA = YES;
				CLANG_WARN_CONSTANT_CONVERSION = YES;
				CLANG_WARN_DEPRECATED_OBJC_IMPLEMENTATIONS = YES;
				CLANG_WARN_DIRECT_OBJC_ISA_USAGE = YES_ERROR;
				CLANG_WARN_DOCUMENTATION_COMMENTS = YES;
				CLANG_WARN_EMPTY_BODY = YES;
				CLANG_WARN_ENUM_CONVERSION = YES;
				CLANG_WARN_INFINITE_RECURSION = YES;
				CLANG_WARN_INT_CONVERSION = YES;
				CLANG_WARN_NON_LITERAL_NULL_CONVERSION = YES;
				CLANG_WARN_OBJC_IMPLICIT_RETAIN_SELF = YES;
				CLANG_WARN_OBJC_LITERAL_CONVERSION = YES;
				CLANG_WARN_OBJC_ROOT_CLASS = YES_ERROR;
				CLANG_WARN_QUOTED_INCLUDE_IN_FRAMEWORK_HEADER = YES;
				CLANG_WARN_RANGE_LOOP_ANALYSIS = YES;
				CLANG_WARN_STRICT_PROTOTYPES = YES;
				CLANG_WARN_SUSPICIOUS_MOVE = YES;
				CLANG_WARN_UNGUARDED_AVAILABILITY = YES_AGGRESSIVE;
				CLANG_WARN_UNREACHABLE_CODE = YES;
				CLANG_WARN__DUPLICATE_METHOD_MATCH = YES;
				COPY_PHASE_STRIP = NO;
				DEBUG_INFORMATION_FORMAT = "dwarf-with-dsym";
				ENABLE_NS_ASSERTIONS = NO;
				ENABLE_STRICT_OBJC_MSGSEND = YES;
				GCC_C_LANGUAGE_STANDARD = gnu11;
				GCC_NO_COMMON_BLOCKS = YES;
				GCC_WARN_64_TO_32_BIT_CONVERSION = YES;
				GCC_WARN_ABOUT_RETURN_TYPE = YES_ERROR;
				GCC_WARN_UNDECLARED_SELECTOR = YES;
				GCC_WARN_UNINITIALIZED_AUTOS = YES_AGGRESSIVE;
				GCC_WARN_UNUSED_FUNCTION = YES;
				GCC_WARN_UNUSED_VARIABLE = YES;
				IPHONEOS_DEPLOYMENT_TARGET = 16.4;
				MTL_ENABLE_DEBUG_INFO = NO;
				MTL_FAST_MATH = YES;
				SDKROOT = iphoneos;
				SWIFT_COMPILATION_MODE = wholemodule;
				SWIFT_OPTIMIZATION_LEVEL = "-O";
				VALIDATE_PRODUCT = YES;
			};
			name = Release;
		};
		9C5FBEE72ADE294E00EB659C /* Debug */ = {
			isa = XCBuildConfiguration;
			baseConfigurationReference = 14D6CD02C275CB1C9474DB60 /* Pods-MVVMRxSwiftTutorial.debug.xcconfig */;
			buildSettings = {
				ASSETCATALOG_COMPILER_APPICON_NAME = AppIcon;
				ASSETCATALOG_COMPILER_GLOBAL_ACCENT_COLOR_NAME = AccentColor;
				CODE_SIGN_STYLE = Automatic;
				CURRENT_PROJECT_VERSION = 1;
				DEVELOPMENT_TEAM = KNU45PG8G9;
				GENERATE_INFOPLIST_FILE = YES;
				INFOPLIST_FILE = MVVMRxSwiftTutorial/Info.plist;
				INFOPLIST_KEY_UIApplicationSupportsIndirectInputEvents = YES;
				INFOPLIST_KEY_UILaunchStoryboardName = LaunchScreen;
				INFOPLIST_KEY_UISupportedInterfaceOrientations_iPad = "UIInterfaceOrientationPortrait UIInterfaceOrientationPortraitUpsideDown UIInterfaceOrientationLandscapeLeft UIInterfaceOrientationLandscapeRight";
				INFOPLIST_KEY_UISupportedInterfaceOrientations_iPhone = "UIInterfaceOrientationPortrait UIInterfaceOrientationLandscapeLeft UIInterfaceOrientationLandscapeRight";
				LD_RUNPATH_SEARCH_PATHS = (
					"$(inherited)",
					"@executable_path/Frameworks",
				);
				MARKETING_VERSION = 1.0;
				PRODUCT_BUNDLE_IDENTIFIER = com.ysome.MVVMRxSwiftTutorial;
				PRODUCT_NAME = "$(TARGET_NAME)";
				SWIFT_EMIT_LOC_STRINGS = YES;
				SWIFT_VERSION = 5.0;
				TARGETED_DEVICE_FAMILY = "1,2";
			};
			name = Debug;
		};
		9C5FBEE82ADE294E00EB659C /* Release */ = {
			isa = XCBuildConfiguration;
			baseConfigurationReference = AC32648315A2F8CD073D07B5 /* Pods-MVVMRxSwiftTutorial.release.xcconfig */;
			buildSettings = {
				ASSETCATALOG_COMPILER_APPICON_NAME = AppIcon;
				ASSETCATALOG_COMPILER_GLOBAL_ACCENT_COLOR_NAME = AccentColor;
				CODE_SIGN_STYLE = Automatic;
				CURRENT_PROJECT_VERSION = 1;
				DEVELOPMENT_TEAM = KNU45PG8G9;
				GENERATE_INFOPLIST_FILE = YES;
				INFOPLIST_FILE = MVVMRxSwiftTutorial/Info.plist;
				INFOPLIST_KEY_UIApplicationSupportsIndirectInputEvents = YES;
				INFOPLIST_KEY_UILaunchStoryboardName = LaunchScreen;
				INFOPLIST_KEY_UISupportedInterfaceOrientations_iPad = "UIInterfaceOrientationPortrait UIInterfaceOrientationPortraitUpsideDown UIInterfaceOrientationLandscapeLeft UIInterfaceOrientationLandscapeRight";
				INFOPLIST_KEY_UISupportedInterfaceOrientations_iPhone = "UIInterfaceOrientationPortrait UIInterfaceOrientationLandscapeLeft UIInterfaceOrientationLandscapeRight";
				LD_RUNPATH_SEARCH_PATHS = (
					"$(inherited)",
					"@executable_path/Frameworks",
				);
				MARKETING_VERSION = 1.0;
				PRODUCT_BUNDLE_IDENTIFIER = com.ysome.MVVMRxSwiftTutorial;
				PRODUCT_NAME = "$(TARGET_NAME)";
				SWIFT_EMIT_LOC_STRINGS = YES;
				SWIFT_VERSION = 5.0;
				TARGETED_DEVICE_FAMILY = "1,2";
			};
			name = Release;
		};
/* End XCBuildConfiguration section */

/* Begin XCConfigurationList section */
		9C5FBECD2ADE294D00EB659C /* Build configuration list for PBXProject "MVVMRxSwiftTutorial" */ = {
			isa = XCConfigurationList;
			buildConfigurations = (
				9C5FBEE42ADE294E00EB659C /* Debug */,
				9C5FBEE52ADE294E00EB659C /* Release */,
			);
			defaultConfigurationIsVisible = 0;
			defaultConfigurationName = Release;
		};
		9C5FBEE62ADE294E00EB659C /* Build configuration list for PBXNativeTarget "MVVMRxSwiftTutorial" */ = {
			isa = XCConfigurationList;
			buildConfigurations = (
				9C5FBEE72ADE294E00EB659C /* Debug */,
				9C5FBEE82ADE294E00EB659C /* Release */,
			);
			defaultConfigurationIsVisible = 0;
			defaultConfigurationName = Release;
		};
/* End XCConfigurationList section */
	};
	rootObject = 9C5FBECA2ADE294D00EB659C /* Project object */;
}
