// !$*UTF8*$!
{
	archiveVersion = 1;
	classes = {
	};
	objectVersion = 56;
	objects = {

/* Begin PBXBuildFile section */
		9CE694812B059FF400153CBC /* AppDelegate.swift in Sources */ = {isa = PBXBuildFile; fileRef = 9CE694802B059FF400153CBC /* AppDelegate.swift */; };
		9CE694832B059FF400153CBC /* SceneDelegate.swift in Sources */ = {isa = PBXBuildFile; fileRef = 9CE694822B059FF400153CBC /* SceneDelegate.swift */; };
		9CE694852B059FF400153CBC /* ViewController.swift in Sources */ = {isa = PBXBuildFile; fileRef = 9CE694842B059FF400153CBC /* ViewController.swift */; };
		9CE694882B059FF400153CBC /* Main.storyboard in Resources */ = {isa = PBXBuildFile; fileRef = 9CE694862B059FF400153CBC /* Main.storyboard */; };
		9CE6948A2B059FF500153CBC /* Assets.xcassets in Resources */ = {isa = PBXBuildFile; fileRef = 9CE694892B059FF500153CBC /* Assets.xcassets */; };
		9CE6948D2B059FF500153CBC /* LaunchScreen.storyboard in Resources */ = {isa = PBXBuildFile; fileRef = 9CE6948B2B059FF500153CBC /* LaunchScreen.storyboard */; };
		9CE694952B05A22900153CBC /* FruitReactor.swift in Sources */ = {isa = PBXBuildFile; fileRef = 9CE694942B05A22900153CBC /* FruitReactor.swift */; };
		CD3CB7E727B1EAF948BA3D64 /* Pods_ReactorKitEx.framework in Frameworks */ = {isa = PBXBuildFile; fileRef = C05A90A44705DB5487E68DD7 /* Pods_ReactorKitEx.framework */; };
/* End PBXBuildFile section */

/* Begin PBXFileReference section */
		82C8688A3486F30D8218EF7A /* Pods-ReactorKitEx.debug.xcconfig */ = {isa = PBXFileReference; includeInIndex = 1; lastKnownFileType = text.xcconfig; name = "Pods-ReactorKitEx.debug.xcconfig"; path = "Target Support Files/Pods-ReactorKitEx/Pods-ReactorKitEx.debug.xcconfig"; sourceTree = "<group>"; };
		9CE6947D2B059FF400153CBC /* ReactorKitEx.app */ = {isa = PBXFileReference; explicitFileType = wrapper.application; includeInIndex = 0; path = ReactorKitEx.app; sourceTree = BUILT_PRODUCTS_DIR; };
		9CE694802B059FF400153CBC /* AppDelegate.swift */ = {isa = PBXFileReference; lastKnownFileType = sourcecode.swift; path = AppDelegate.swift; sourceTree = "<group>"; };
		9CE694822B059FF400153CBC /* SceneDelegate.swift */ = {isa = PBXFileReference; lastKnownFileType = sourcecode.swift; path = SceneDelegate.swift; sourceTree = "<group>"; };
		9CE694842B059FF400153CBC /* ViewController.swift */ = {isa = PBXFileReference; lastKnownFileType = sourcecode.swift; path = ViewController.swift; sourceTree = "<group>"; };
		9CE694872B059FF400153CBC /* Base */ = {isa = PBXFileReference; lastKnownFileType = file.storyboard; name = Base; path = Base.lproj/Main.storyboard; sourceTree = "<group>"; };
		9CE694892B059FF500153CBC /* Assets.xcassets */ = {isa = PBXFileReference; lastKnownFileType = folder.assetcatalog; path = Assets.xcassets; sourceTree = "<group>"; };
		9CE6948C2B059FF500153CBC /* Base */ = {isa = PBXFileReference; lastKnownFileType = file.storyboard; name = Base; path = Base.lproj/LaunchScreen.storyboard; sourceTree = "<group>"; };
		9CE6948E2B059FF500153CBC /* Info.plist */ = {isa = PBXFileReference; lastKnownFileType = text.plist.xml; path = Info.plist; sourceTree = "<group>"; };
		9CE694942B05A22900153CBC /* FruitReactor.swift */ = {isa = PBXFileReference; lastKnownFileType = sourcecode.swift; path = FruitReactor.swift; sourceTree = "<group>"; };
		C05A90A44705DB5487E68DD7 /* Pods_ReactorKitEx.framework */ = {isa = PBXFileReference; explicitFileType = wrapper.framework; includeInIndex = 0; path = Pods_ReactorKitEx.framework; sourceTree = BUILT_PRODUCTS_DIR; };
		CD045D4FDF37C5F60919DBFF /* Pods-ReactorKitEx.release.xcconfig */ = {isa = PBXFileReference; includeInIndex = 1; lastKnownFileType = text.xcconfig; name = "Pods-ReactorKitEx.release.xcconfig"; path = "Target Support Files/Pods-ReactorKitEx/Pods-ReactorKitEx.release.xcconfig"; sourceTree = "<group>"; };
/* End PBXFileReference section */

/* Begin PBXFrameworksBuildPhase section */
		9CE6947A2B059FF400153CBC /* Frameworks */ = {
			isa = PBXFrameworksBuildPhase;
			buildActionMask = 2147483647;
			files = (
				CD3CB7E727B1EAF948BA3D64 /* Pods_ReactorKitEx.framework in Frameworks */,
			);
			runOnlyForDeploymentPostprocessing = 0;
		};
/* End PBXFrameworksBuildPhase section */

/* Begin PBXGroup section */
		5BEB85D22D9B2939C2F2DCDA /* Pods */ = {
			isa = PBXGroup;
			children = (
				82C8688A3486F30D8218EF7A /* Pods-ReactorKitEx.debug.xcconfig */,
				CD045D4FDF37C5F60919DBFF /* Pods-ReactorKitEx.release.xcconfig */,
			);
			path = Pods;
			sourceTree = "<group>";
		};
		9CE694742B059FF400153CBC = {
			isa = PBXGroup;
			children = (
				9CE6947F2B059FF400153CBC /* ReactorKitEx */,
				9CE6947E2B059FF400153CBC /* Products */,
				5BEB85D22D9B2939C2F2DCDA /* Pods */,
				E0000BF40BDCD05D190872F5 /* Frameworks */,
			);
			sourceTree = "<group>";
		};
		9CE6947E2B059FF400153CBC /* Products */ = {
			isa = PBXGroup;
			children = (
				9CE6947D2B059FF400153CBC /* ReactorKitEx.app */,
			);
			name = Products;
			sourceTree = "<group>";
		};
		9CE6947F2B059FF400153CBC /* ReactorKitEx */ = {
			isa = PBXGroup;
			children = (
				9CE694802B059FF400153CBC /* AppDelegate.swift */,
				9CE694822B059FF400153CBC /* SceneDelegate.swift */,
				9CE694842B059FF400153CBC /* ViewController.swift */,
				9CE694862B059FF400153CBC /* Main.storyboard */,
				9CE694892B059FF500153CBC /* Assets.xcassets */,
				9CE6948B2B059FF500153CBC /* LaunchScreen.storyboard */,
				9CE6948E2B059FF500153CBC /* Info.plist */,
				9CE694942B05A22900153CBC /* FruitReactor.swift */,
			);
			path = ReactorKitEx;
			sourceTree = "<group>";
		};
		E0000BF40BDCD05D190872F5 /* Frameworks */ = {
			isa = PBXGroup;
			children = (
				C05A90A44705DB5487E68DD7 /* Pods_ReactorKitEx.framework */,
			);
			name = Frameworks;
			sourceTree = "<group>";
		};
/* End PBXGroup section */

/* Begin PBXNativeTarget section */
		9CE6947C2B059FF400153CBC /* ReactorKitEx */ = {
			isa = PBXNativeTarget;
			buildConfigurationList = 9CE694912B059FF500153CBC /* Build configuration list for PBXNativeTarget "ReactorKitEx" */;
			buildPhases = (
				A2AF1223BC035F4034783BD3 /* [CP] Check Pods Manifest.lock */,
				9CE694792B059FF400153CBC /* Sources */,
				9CE6947A2B059FF400153CBC /* Frameworks */,
				9CE6947B2B059FF400153CBC /* Resources */,
				5421C76D0658D8895897C059 /* [CP] Embed Pods Frameworks */,
			);
			buildRules = (
			);
			dependencies = (
			);
			name = ReactorKitEx;
			productName = ReactorKitEx;
			productReference = 9CE6947D2B059FF400153CBC /* ReactorKitEx.app */;
			productType = "com.apple.product-type.application";
		};
/* End PBXNativeTarget section */

/* Begin PBXProject section */
		9CE694752B059FF400153CBC /* Project object */ = {
			isa = PBXProject;
			attributes = {
				BuildIndependentTargetsInParallel = 1;
				LastSwiftUpdateCheck = 1430;
				LastUpgradeCheck = 1430;
				TargetAttributes = {
					9CE6947C2B059FF400153CBC = {
						CreatedOnToolsVersion = 14.3.1;
					};
				};
			};
			buildConfigurationList = 9CE694782B059FF400153CBC /* Build configuration list for PBXProject "ReactorKitEx" */;
			compatibilityVersion = "Xcode 14.0";
			developmentRegion = en;
			hasScannedForEncodings = 0;
			knownRegions = (
				en,
				Base,
			);
			mainGroup = 9CE694742B059FF400153CBC;
			productRefGroup = 9CE6947E2B059FF400153CBC /* Products */;
			projectDirPath = "";
			projectRoot = "";
			targets = (
				9CE6947C2B059FF400153CBC /* ReactorKitEx */,
			);
		};
/* End PBXProject section */

/* Begin PBXResourcesBuildPhase section */
		9CE6947B2B059FF400153CBC /* Resources */ = {
			isa = PBXResourcesBuildPhase;
			buildActionMask = 2147483647;
			files = (
				9CE6948D2B059FF500153CBC /* LaunchScreen.storyboard in Resources */,
				9CE6948A2B059FF500153CBC /* Assets.xcassets in Resources */,
				9CE694882B059FF400153CBC /* Main.storyboard in Resources */,
			);
			runOnlyForDeploymentPostprocessing = 0;
		};
/* End PBXResourcesBuildPhase section */

/* Begin PBXShellScriptBuildPhase section */
		5421C76D0658D8895897C059 /* [CP] Embed Pods Frameworks */ = {
			isa = PBXShellScriptBuildPhase;
			buildActionMask = 2147483647;
			files = (
			);
			inputFileListPaths = (
				"${PODS_ROOT}/Target Support Files/Pods-ReactorKitEx/Pods-ReactorKitEx-frameworks-${CONFIGURATION}-input-files.xcfilelist",
			);
			name = "[CP] Embed Pods Frameworks";
			outputFileListPaths = (
				"${PODS_ROOT}/Target Support Files/Pods-ReactorKitEx/Pods-ReactorKitEx-frameworks-${CONFIGURATION}-output-files.xcfilelist",
			);
			runOnlyForDeploymentPostprocessing = 0;
			shellPath = /bin/sh;
			shellScript = "\"${PODS_ROOT}/Target Support Files/Pods-ReactorKitEx/Pods-ReactorKitEx-frameworks.sh\"\n";
			showEnvVarsInLog = 0;
		};
		A2AF1223BC035F4034783BD3 /* [CP] Check Pods Manifest.lock */ = {
			isa = PBXShellScriptBuildPhase;
			buildActionMask = 2147483647;
			files = (
			);
			inputFileListPaths = (
			);
			inputPaths = (
				"${PODS_PODFILE_DIR_PATH}/Podfile.lock",
				"${PODS_ROOT}/Manifest.lock",
			);
			name = "[CP] Check Pods Manifest.lock";
			outputFileListPaths = (
			);
			outputPaths = (
				"$(DERIVED_FILE_DIR)/Pods-ReactorKitEx-checkManifestLockResult.txt",
			);
			runOnlyForDeploymentPostprocessing = 0;
			shellPath = /bin/sh;
			shellScript = "diff \"${PODS_PODFILE_DIR_PATH}/Podfile.lock\" \"${PODS_ROOT}/Manifest.lock\" > /dev/null\nif [ $? != 0 ] ; then\n    # print error to STDERR\n    echo \"error: The sandbox is not in sync with the Podfile.lock. Run 'pod install' or update your CocoaPods installation.\" >&2\n    exit 1\nfi\n# This output is used by Xcode 'outputs' to avoid re-running this script phase.\necho \"SUCCESS\" > \"${SCRIPT_OUTPUT_FILE_0}\"\n";
			showEnvVarsInLog = 0;
		};
/* End PBXShellScriptBuildPhase section */

/* Begin PBXSourcesBuildPhase section */
		9CE694792B059FF400153CBC /* Sources */ = {
			isa = PBXSourcesBuildPhase;
			buildActionMask = 2147483647;
			files = (
				9CE694852B059FF400153CBC /* ViewController.swift in Sources */,
				9CE694812B059FF400153CBC /* AppDelegate.swift in Sources */,
				9CE694832B059FF400153CBC /* SceneDelegate.swift in Sources */,
				9CE694952B05A22900153CBC /* FruitReactor.swift in Sources */,
			);
			runOnlyForDeploymentPostprocessing = 0;
		};
/* End PBXSourcesBuildPhase section */

/* Begin PBXVariantGroup section */
		9CE694862B059FF400153CBC /* Main.storyboard */ = {
			isa = PBXVariantGroup;
			children = (
				9CE694872B059FF400153CBC /* Base */,
			);
			name = Main.storyboard;
			sourceTree = "<group>";
		};
		9CE6948B2B059FF500153CBC /* LaunchScreen.storyboard */ = {
			isa = PBXVariantGroup;
			children = (
				9CE6948C2B059FF500153CBC /* Base */,
			);
			name = LaunchScreen.storyboard;
			sourceTree = "<group>";
		};
/* End PBXVariantGroup section */

/* Begin XCBuildConfiguration section */
		9CE6948F2B059FF500153CBC /* Debug */ = {
			isa = XCBuildConfiguration;
			buildSettings = {
				ALWAYS_SEARCH_USER_PATHS = NO;
				CLANG_ANALYZER_NONNULL = YES;
				CLANG_ANALYZER_NUMBER_OBJECT_CONVERSION = YES_AGGRESSIVE;
				CLANG_CXX_LANGUAGE_STANDARD = "gnu++20";
				CLANG_ENABLE_MODULES = YES;
				CLANG_ENABLE_OBJC_ARC = YES;
				CLANG_ENABLE_OBJC_WEAK = YES;
				CLANG_WARN_BLOCK_CAPTURE_AUTORELEASING = YES;
				CLANG_WARN_BOOL_CONVERSION = YES;
				CLANG_WARN_COMMA = YES;
				CLANG_WARN_CONSTANT_CONVERSION = YES;
				CLANG_WARN_DEPRECATED_OBJC_IMPLEMENTATIONS = YES;
				CLANG_WARN_DIRECT_OBJC_ISA_USAGE = YES_ERROR;
				CLANG_WARN_DOCUMENTATION_COMMENTS = YES;
				CLANG_WARN_EMPTY_BODY = YES;
				CLANG_WARN_ENUM_CONVERSION = YES;
				CLANG_WARN_INFINITE_RECURSION = YES;
				CLANG_WARN_INT_CONVERSION = YES;
				CLANG_WARN_NON_LITERAL_NULL_CONVERSION = YES;
				CLANG_WARN_OBJC_IMPLICIT_RETAIN_SELF = YES;
				CLANG_WARN_OBJC_LITERAL_CONVERSION = YES;
				CLANG_WARN_OBJC_ROOT_CLASS = YES_ERROR;
				CLANG_WARN_QUOTED_INCLUDE_IN_FRAMEWORK_HEADER = YES;
				CLANG_WARN_RANGE_LOOP_ANALYSIS = YES;
				CLANG_WARN_STRICT_PROTOTYPES = YES;
				CLANG_WARN_SUSPICIOUS_MOVE = YES;
				CLANG_WARN_UNGUARDED_AVAILABILITY = YES_AGGRESSIVE;
				CLANG_WARN_UNREACHABLE_CODE = YES;
				CLANG_WARN__DUPLICATE_METHOD_MATCH = YES;
				COPY_PHASE_STRIP = NO;
				DEBUG_INFORMATION_FORMAT = dwarf;
				ENABLE_STRICT_OBJC_MSGSEND = YES;
				ENABLE_TESTABILITY = YES;
				GCC_C_LANGUAGE_STANDARD = gnu11;
				GCC_DYNAMIC_NO_PIC = NO;
				GCC_NO_COMMON_BLOCKS = YES;
				GCC_OPTIMIZATION_LEVEL = 0;
				GCC_PREPROCESSOR_DEFINITIONS = (
					"DEBUG=1",
					"$(inherited)",
				);
				GCC_WARN_64_TO_32_BIT_CONVERSION = YES;
				GCC_WARN_ABOUT_RETURN_TYPE = YES_ERROR;
				GCC_WARN_UNDECLARED_SELECTOR = YES;
				GCC_WARN_UNINITIALIZED_AUTOS = YES_AGGRESSIVE;
				GCC_WARN_UNUSED_FUNCTION = YES;
				GCC_WARN_UNUSED_VARIABLE = YES;
				IPHONEOS_DEPLOYMENT_TARGET = 16.4;
				MTL_ENABLE_DEBUG_INFO = INCLUDE_SOURCE;
				MTL_FAST_MATH = YES;
				ONLY_ACTIVE_ARCH = YES;
				SDKROOT = iphoneos;
				SWIFT_ACTIVE_COMPILATION_CONDITIONS = DEBUG;
				SWIFT_OPTIMIZATION_LEVEL = "-Onone";
			};
			name = Debug;
		};
		9CE694902B059FF500153CBC /* Release */ = {
			isa = XCBuildConfiguration;
			buildSettings = {
				ALWAYS_SEARCH_USER_PATHS = NO;
				CLANG_ANALYZER_NONNULL = YES;
				CLANG_ANALYZER_NUMBER_OBJECT_CONVERSION = YES_AGGRESSIVE;
				CLANG_CXX_LANGUAGE_STANDARD = "gnu++20";
				CLANG_ENABLE_MODULES = YES;
				CLANG_ENABLE_OBJC_ARC = YES;
				CLANG_ENABLE_OBJC_WEAK = YES;
				CLANG_WARN_BLOCK_CAPTURE_AUTORELEASING = YES;
				CLANG_WARN_BOOL_CONVERSION = YES;
				CLANG_WARN_COMMA = YES;
				CLANG_WARN_CONSTANT_CONVERSION = YES;
				CLANG_WARN_DEPRECATED_OBJC_IMPLEMENTATIONS = YES;
				CLANG_WARN_DIRECT_OBJC_ISA_USAGE = YES_ERROR;
				CLANG_WARN_DOCUMENTATION_COMMENTS = YES;
				CLANG_WARN_EMPTY_BODY = YES;
				CLANG_WARN_ENUM_CONVERSION = YES;
				CLANG_WARN_INFINITE_RECURSION = YES;
				CLANG_WARN_INT_CONVERSION = YES;
				CLANG_WARN_NON_LITERAL_NULL_CONVERSION = YES;
				CLANG_WARN_OBJC_IMPLICIT_RETAIN_SELF = YES;
				CLANG_WARN_OBJC_LITERAL_CONVERSION = YES;
				CLANG_WARN_OBJC_ROOT_CLASS = YES_ERROR;
				CLANG_WARN_QUOTED_INCLUDE_IN_FRAMEWORK_HEADER = YES;
				CLANG_WARN_RANGE_LOOP_ANALYSIS = YES;
				CLANG_WARN_STRICT_PROTOTYPES = YES;
				CLANG_WARN_SUSPICIOUS_MOVE = YES;
				CLANG_WARN_UNGUARDED_AVAILABILITY = YES_AGGRESSIVE;
				CLANG_WARN_UNREACHABLE_CODE = YES;
				CLANG_WARN__DUPLICATE_METHOD_MATCH = YES;
				COPY_PHASE_STRIP = NO;
				DEBUG_INFORMATION_FORMAT = "dwarf-with-dsym";
				ENABLE_NS_ASSERTIONS = NO;
				ENABLE_STRICT_OBJC_MSGSEND = YES;
				GCC_C_LANGUAGE_STANDARD = gnu11;
				GCC_NO_COMMON_BLOCKS = YES;
				GCC_WARN_64_TO_32_BIT_CONVERSION = YES;
				GCC_WARN_ABOUT_RETURN_TYPE = YES_ERROR;
				GCC_WARN_UNDECLARED_SELECTOR = YES;
				GCC_WARN_UNINITIALIZED_AUTOS = YES_AGGRESSIVE;
				GCC_WARN_UNUSED_FUNCTION = YES;
				GCC_WARN_UNUSED_VARIABLE = YES;
				IPHONEOS_DEPLOYMENT_TARGET = 16.4;
				MTL_ENABLE_DEBUG_INFO = NO;
				MTL_FAST_MATH = YES;
				SDKROOT = iphoneos;
				SWIFT_COMPILATION_MODE = wholemodule;
				SWIFT_OPTIMIZATION_LEVEL = "-O";
				VALIDATE_PRODUCT = YES;
			};
			name = Release;
		};
		9CE694922B059FF500153CBC /* Debug */ = {
			isa = XCBuildConfiguration;
			baseConfigurationReference = 82C8688A3486F30D8218EF7A /* Pods-ReactorKitEx.debug.xcconfig */;
			buildSettings = {
				ASSETCATALOG_COMPILER_APPICON_NAME = AppIcon;
				ASSETCATALOG_COMPILER_GLOBAL_ACCENT_COLOR_NAME = AccentColor;
				CODE_SIGN_STYLE = Automatic;
				CURRENT_PROJECT_VERSION = 1;
				DEVELOPMENT_TEAM = KNU45PG8G9;
				GENERATE_INFOPLIST_FILE = YES;
				INFOPLIST_FILE = ReactorKitEx/Info.plist;
				INFOPLIST_KEY_UIApplicationSupportsIndirectInputEvents = YES;
				INFOPLIST_KEY_UILaunchStoryboardName = LaunchScreen;
				INFOPLIST_KEY_UIMainStoryboardFile = Main;
				INFOPLIST_KEY_UISupportedInterfaceOrientations_iPad = "UIInterfaceOrientationPortrait UIInterfaceOrientationPortraitUpsideDown UIInterfaceOrientationLandscapeLeft UIInterfaceOrientationLandscapeRight";
				INFOPLIST_KEY_UISupportedInterfaceOrientations_iPhone = "UIInterfaceOrientationPortrait UIInterfaceOrientationLandscapeLeft UIInterfaceOrientationLandscapeRight";
				IPHONEOS_DEPLOYMENT_TARGET = 15.0;
				LD_RUNPATH_SEARCH_PATHS = (
					"$(inherited)",
					"@executable_path/Frameworks",
				);
				MARKETING_VERSION = 1.0;
				PRODUCT_BUNDLE_IDENTIFIER = com.ysome.ReactorKitEx;
				PRODUCT_NAME = "$(TARGET_NAME)";
				SWIFT_EMIT_LOC_STRINGS = YES;
				SWIFT_VERSION = 5.0;
				TARGETED_DEVICE_FAMILY = "1,2";
			};
			name = Debug;
		};
		9CE694932B059FF500153CBC /* Release */ = {
			isa = XCBuildConfiguration;
			baseConfigurationReference = CD045D4FDF37C5F60919DBFF /* Pods-ReactorKitEx.release.xcconfig */;
			buildSettings = {
				ASSETCATALOG_COMPILER_APPICON_NAME = AppIcon;
				ASSETCATALOG_COMPILER_GLOBAL_ACCENT_COLOR_NAME = AccentColor;
				CODE_SIGN_STYLE = Automatic;
				CURRENT_PROJECT_VERSION = 1;
				DEVELOPMENT_TEAM = KNU45PG8G9;
				GENERATE_INFOPLIST_FILE = YES;
				INFOPLIST_FILE = ReactorKitEx/Info.plist;
				INFOPLIST_KEY_UIApplicationSupportsIndirectInputEvents = YES;
				INFOPLIST_KEY_UILaunchStoryboardName = LaunchScreen;
				INFOPLIST_KEY_UIMainStoryboardFile = Main;
				INFOPLIST_KEY_UISupportedInterfaceOrientations_iPad = "UIInterfaceOrientationPortrait UIInterfaceOrientationPortraitUpsideDown UIInterfaceOrientationLandscapeLeft UIInterfaceOrientationLandscapeRight";
				INFOPLIST_KEY_UISupportedInterfaceOrientations_iPhone = "UIInterfaceOrientationPortrait UIInterfaceOrientationLandscapeLeft UIInterfaceOrientationLandscapeRight";
				IPHONEOS_DEPLOYMENT_TARGET = 15.0;
				LD_RUNPATH_SEARCH_PATHS = (
					"$(inherited)",
					"@executable_path/Frameworks",
				);
				MARKETING_VERSION = 1.0;
				PRODUCT_BUNDLE_IDENTIFIER = com.ysome.ReactorKitEx;
				PRODUCT_NAME = "$(TARGET_NAME)";
				SWIFT_EMIT_LOC_STRINGS = YES;
				SWIFT_VERSION = 5.0;
				TARGETED_DEVICE_FAMILY = "1,2";
			};
			name = Release;
		};
/* End XCBuildConfiguration section */

/* Begin XCConfigurationList section */
		9CE694782B059FF400153CBC /* Build configuration list for PBXProject "ReactorKitEx" */ = {
			isa = XCConfigurationList;
			buildConfigurations = (
				9CE6948F2B059FF500153CBC /* Debug */,
				9CE694902B059FF500153CBC /* Release */,
			);
			defaultConfigurationIsVisible = 0;
			defaultConfigurationName = Release;
		};
		9CE694912B059FF500153CBC /* Build configuration list for PBXNativeTarget "ReactorKitEx" */ = {
			isa = XCConfigurationList;
			buildConfigurations = (
				9CE694922B059FF500153CBC /* Debug */,
				9CE694932B059FF500153CBC /* Release */,
			);
			defaultConfigurationIsVisible = 0;
			defaultConfigurationName = Release;
		};
/* End XCConfigurationList section */
	};
	rootObject = 9CE694752B059FF400153CBC /* Project object */;
}
