// !$*UTF8*$!
{
	archiveVersion = 1;
	classes = {
	};
	objectVersion = 56;
	objects = {

/* Begin PBXBuildFile section */
		357ABA42F5AF092BCBA69F2B /* Pods_SnapKitTutorial.framework in Frameworks */ = {isa = PBXBuildFile; fileRef = 5900513742D04BA346AFBC0F /* Pods_SnapKitTutorial.framework */; };
		9C7071702AF0C5A4005BCA00 /* AppDelegate.swift in Sources */ = {isa = PBXBuildFile; fileRef = 9C70716F2AF0C5A4005BCA00 /* AppDelegate.swift */; };
		9C7071722AF0C5A4005BCA00 /* SceneDelegate.swift in Sources */ = {isa = PBXBuildFile; fileRef = 9C7071712AF0C5A4005BCA00 /* SceneDelegate.swift */; };
		9C7071742AF0C5A4005BCA00 /* ViewController.swift in Sources */ = {isa = PBXBuildFile; fileRef = 9C7071732AF0C5A4005BCA00 /* ViewController.swift */; };
		9C7071772AF0C5A4005BCA00 /* Main.storyboard in Resources */ = {isa = PBXBuildFile; fileRef = 9C7071752AF0C5A4005BCA00 /* Main.storyboard */; };
		9C7071792AF0C5A5005BCA00 /* Assets.xcassets in Resources */ = {isa = PBXBuildFile; fileRef = 9C7071782AF0C5A5005BCA00 /* Assets.xcassets */; };
		9C70717C2AF0C5A5005BCA00 /* LaunchScreen.storyboard in Resources */ = {isa = PBXBuildFile; fileRef = 9C70717A2AF0C5A5005BCA00 /* LaunchScreen.storyboard */; };
/* End PBXBuildFile section */

/* Begin PBXFileReference section */
		47F2420C95C77D7F2BAD6076 /* Pods-SnapKitTutorial.debug.xcconfig */ = {isa = PBXFileReference; includeInIndex = 1; lastKnownFileType = text.xcconfig; name = "Pods-SnapKitTutorial.debug.xcconfig"; path = "Target Support Files/Pods-SnapKitTutorial/Pods-SnapKitTutorial.debug.xcconfig"; sourceTree = "<group>"; };
		5900513742D04BA346AFBC0F /* Pods_SnapKitTutorial.framework */ = {isa = PBXFileReference; explicitFileType = wrapper.framework; includeInIndex = 0; path = Pods_SnapKitTutorial.framework; sourceTree = BUILT_PRODUCTS_DIR; };
		79E2B69CAB5DD2BD54D566F5 /* Pods-SnapKitTutorial.release.xcconfig */ = {isa = PBXFileReference; includeInIndex = 1; lastKnownFileType = text.xcconfig; name = "Pods-SnapKitTutorial.release.xcconfig"; path = "Target Support Files/Pods-SnapKitTutorial/Pods-SnapKitTutorial.release.xcconfig"; sourceTree = "<group>"; };
		9C70716C2AF0C5A4005BCA00 /* SnapKitTutorial.app */ = {isa = PBXFileReference; explicitFileType = wrapper.application; includeInIndex = 0; path = SnapKitTutorial.app; sourceTree = BUILT_PRODUCTS_DIR; };
		9C70716F2AF0C5A4005BCA00 /* AppDelegate.swift */ = {isa = PBXFileReference; lastKnownFileType = sourcecode.swift; path = AppDelegate.swift; sourceTree = "<group>"; };
		9C7071712AF0C5A4005BCA00 /* SceneDelegate.swift */ = {isa = PBXFileReference; lastKnownFileType = sourcecode.swift; path = SceneDelegate.swift; sourceTree = "<group>"; };
		9C7071732AF0C5A4005BCA00 /* ViewController.swift */ = {isa = PBXFileReference; lastKnownFileType = sourcecode.swift; path = ViewController.swift; sourceTree = "<group>"; };
		9C7071762AF0C5A4005BCA00 /* Base */ = {isa = PBXFileReference; lastKnownFileType = file.storyboard; name = Base; path = Base.lproj/Main.storyboard; sourceTree = "<group>"; };
		9C7071782AF0C5A5005BCA00 /* Assets.xcassets */ = {isa = PBXFileReference; lastKnownFileType = folder.assetcatalog; path = Assets.xcassets; sourceTree = "<group>"; };
		9C70717B2AF0C5A5005BCA00 /* Base */ = {isa = PBXFileReference; lastKnownFileType = file.storyboard; name = Base; path = Base.lproj/LaunchScreen.storyboard; sourceTree = "<group>"; };
		9C70717D2AF0C5A5005BCA00 /* Info.plist */ = {isa = PBXFileReference; lastKnownFileType = text.plist.xml; path = Info.plist; sourceTree = "<group>"; };
/* End PBXFileReference section */

/* Begin PBXFrameworksBuildPhase section */
		9C7071692AF0C5A4005BCA00 /* Frameworks */ = {
			isa = PBXFrameworksBuildPhase;
			buildActionMask = 2147483647;
			files = (
				357ABA42F5AF092BCBA69F2B /* Pods_SnapKitTutorial.framework in Frameworks */,
			);
			runOnlyForDeploymentPostprocessing = 0;
		};
/* End PBXFrameworksBuildPhase section */

/* Begin PBXGroup section */
		38AA3554FEDCEB13FEF8EEF3 /* Pods */ = {
			isa = PBXGroup;
			children = (
				47F2420C95C77D7F2BAD6076 /* Pods-SnapKitTutorial.debug.xcconfig */,
				79E2B69CAB5DD2BD54D566F5 /* Pods-SnapKitTutorial.release.xcconfig */,
			);
			name = Pods;
			path = Pods;
			sourceTree = "<group>";
		};
		482418EED12C9A46E093DA0E /* Frameworks */ = {
			isa = PBXGroup;
			children = (
				5900513742D04BA346AFBC0F /* Pods_SnapKitTutorial.framework */,
			);
			name = Frameworks;
			sourceTree = "<group>";
		};
		9C7071632AF0C5A4005BCA00 = {
			isa = PBXGroup;
			children = (
				9C70716E2AF0C5A4005BCA00 /* SnapKitTutorial */,
				9C70716D2AF0C5A4005BCA00 /* Products */,
				38AA3554FEDCEB13FEF8EEF3 /* Pods */,
				482418EED12C9A46E093DA0E /* Frameworks */,
			);
			sourceTree = "<group>";
		};
		9C70716D2AF0C5A4005BCA00 /* Products */ = {
			isa = PBXGroup;
			children = (
				9C70716C2AF0C5A4005BCA00 /* SnapKitTutorial.app */,
			);
			name = Products;
			sourceTree = "<group>";
		};
		9C70716E2AF0C5A4005BCA00 /* SnapKitTutorial */ = {
			isa = PBXGroup;
			children = (
				9C70716F2AF0C5A4005BCA00 /* AppDelegate.swift */,
				9C7071712AF0C5A4005BCA00 /* SceneDelegate.swift */,
				9C7071732AF0C5A4005BCA00 /* ViewController.swift */,
				9C7071752AF0C5A4005BCA00 /* Main.storyboard */,
				9C7071782AF0C5A5005BCA00 /* Assets.xcassets */,
				9C70717A2AF0C5A5005BCA00 /* LaunchScreen.storyboard */,
				9C70717D2AF0C5A5005BCA00 /* Info.plist */,
			);
			path = SnapKitTutorial;
			sourceTree = "<group>";
		};
/* End PBXGroup section */

/* Begin PBXNativeTarget section */
		9C70716B2AF0C5A4005BCA00 /* SnapKitTutorial */ = {
			isa = PBXNativeTarget;
			buildConfigurationList = 9C7071802AF0C5A5005BCA00 /* Build configuration list for PBXNativeTarget "SnapKitTutorial" */;
			buildPhases = (
				2088DA25AE08976C3C36A89A /* [CP] Check Pods Manifest.lock */,
				9C7071682AF0C5A4005BCA00 /* Sources */,
				9C7071692AF0C5A4005BCA00 /* Frameworks */,
				9C70716A2AF0C5A4005BCA00 /* Resources */,
				5E556796334EA1AA7F07FB56 /* [CP] Embed Pods Frameworks */,
			);
			buildRules = (
			);
			dependencies = (
			);
			name = SnapKitTutorial;
			productName = SnapKitTutorial;
			productReference = 9C70716C2AF0C5A4005BCA00 /* SnapKitTutorial.app */;
			productType = "com.apple.product-type.application";
		};
/* End PBXNativeTarget section */

/* Begin PBXProject section */
		9C7071642AF0C5A4005BCA00 /* Project object */ = {
			isa = PBXProject;
			attributes = {
				BuildIndependentTargetsInParallel = 1;
				LastSwiftUpdateCheck = 1430;
				LastUpgradeCheck = 1430;
				TargetAttributes = {
					9C70716B2AF0C5A4005BCA00 = {
						CreatedOnToolsVersion = 14.3.1;
					};
				};
			};
			buildConfigurationList = 9C7071672AF0C5A4005BCA00 /* Build configuration list for PBXProject "SnapKitTutorial" */;
			compatibilityVersion = "Xcode 14.0";
			developmentRegion = en;
			hasScannedForEncodings = 0;
			knownRegions = (
				en,
				Base,
			);
			mainGroup = 9C7071632AF0C5A4005BCA00;
			productRefGroup = 9C70716D2AF0C5A4005BCA00 /* Products */;
			projectDirPath = "";
			projectRoot = "";
			targets = (
				9C70716B2AF0C5A4005BCA00 /* SnapKitTutorial */,
			);
		};
/* End PBXProject section */

/* Begin PBXResourcesBuildPhase section */
		9C70716A2AF0C5A4005BCA00 /* Resources */ = {
			isa = PBXResourcesBuildPhase;
			buildActionMask = 2147483647;
			files = (
				9C70717C2AF0C5A5005BCA00 /* LaunchScreen.storyboard in Resources */,
				9C7071792AF0C5A5005BCA00 /* Assets.xcassets in Resources */,
				9C7071772AF0C5A4005BCA00 /* Main.storyboard in Resources */,
			);
			runOnlyForDeploymentPostprocessing = 0;
		};
/* End PBXResourcesBuildPhase section */

/* Begin PBXShellScriptBuildPhase section */
		2088DA25AE08976C3C36A89A /* [CP] Check Pods Manifest.lock */ = {
			isa = PBXShellScriptBuildPhase;
			buildActionMask = 2147483647;
			files = (
			);
			inputFileListPaths = (
			);
			inputPaths = (
				"${PODS_PODFILE_DIR_PATH}/Podfile.lock",
				"${PODS_ROOT}/Manifest.lock",
			);
			name = "[CP] Check Pods Manifest.lock";
			outputFileListPaths = (
			);
			outputPaths = (
				"$(DERIVED_FILE_DIR)/Pods-SnapKitTutorial-checkManifestLockResult.txt",
			);
			runOnlyForDeploymentPostprocessing = 0;
			shellPath = /bin/sh;
			shellScript = "diff \"${PODS_PODFILE_DIR_PATH}/Podfile.lock\" \"${PODS_ROOT}/Manifest.lock\" > /dev/null\nif [ $? != 0 ] ; then\n    # print error to STDERR\n    echo \"error: The sandbox is not in sync with the Podfile.lock. Run 'pod install' or update your CocoaPods installation.\" >&2\n    exit 1\nfi\n# This output is used by Xcode 'outputs' to avoid re-running this script phase.\necho \"SUCCESS\" > \"${SCRIPT_OUTPUT_FILE_0}\"\n";
			showEnvVarsInLog = 0;
		};
		5E556796334EA1AA7F07FB56 /* [CP] Embed Pods Frameworks */ = {
			isa = PBXShellScriptBuildPhase;
			buildActionMask = 2147483647;
			files = (
			);
			inputFileListPaths = (
				"${PODS_ROOT}/Target Support Files/Pods-SnapKitTutorial/Pods-SnapKitTutorial-frameworks-${CONFIGURATION}-input-files.xcfilelist",
			);
			name = "[CP] Embed Pods Frameworks";
			outputFileListPaths = (
				"${PODS_ROOT}/Target Support Files/Pods-SnapKitTutorial/Pods-SnapKitTutorial-frameworks-${CONFIGURATION}-output-files.xcfilelist",
			);
			runOnlyForDeploymentPostprocessing = 0;
			shellPath = /bin/sh;
			shellScript = "\"${PODS_ROOT}/Target Support Files/Pods-SnapKitTutorial/Pods-SnapKitTutorial-frameworks.sh\"\n";
			showEnvVarsInLog = 0;
		};
/* End PBXShellScriptBuildPhase section */

/* Begin PBXSourcesBuildPhase section */
		9C7071682AF0C5A4005BCA00 /* Sources */ = {
			isa = PBXSourcesBuildPhase;
			buildActionMask = 2147483647;
			files = (
				9C7071742AF0C5A4005BCA00 /* ViewController.swift in Sources */,
				9C7071702AF0C5A4005BCA00 /* AppDelegate.swift in Sources */,
				9C7071722AF0C5A4005BCA00 /* SceneDelegate.swift in Sources */,
			);
			runOnlyForDeploymentPostprocessing = 0;
		};
/* End PBXSourcesBuildPhase section */

/* Begin PBXVariantGroup section */
		9C7071752AF0C5A4005BCA00 /* Main.storyboard */ = {
			isa = PBXVariantGroup;
			children = (
				9C7071762AF0C5A4005BCA00 /* Base */,
			);
			name = Main.storyboard;
			sourceTree = "<group>";
		};
		9C70717A2AF0C5A5005BCA00 /* LaunchScreen.storyboard */ = {
			isa = PBXVariantGroup;
			children = (
				9C70717B2AF0C5A5005BCA00 /* Base */,
			);
			name = LaunchScreen.storyboard;
			sourceTree = "<group>";
		};
/* End PBXVariantGroup section */

/* Begin XCBuildConfiguration section */
		9C70717E2AF0C5A5005BCA00 /* Debug */ = {
			isa = XCBuildConfiguration;
			buildSettings = {
				ALWAYS_SEARCH_USER_PATHS = NO;
				CLANG_ANALYZER_NONNULL = YES;
				CLANG_ANALYZER_NUMBER_OBJECT_CONVERSION = YES_AGGRESSIVE;
				CLANG_CXX_LANGUAGE_STANDARD = "gnu++20";
				CLANG_ENABLE_MODULES = YES;
				CLANG_ENABLE_OBJC_ARC = YES;
				CLANG_ENABLE_OBJC_WEAK = YES;
				CLANG_WARN_BLOCK_CAPTURE_AUTORELEASING = YES;
				CLANG_WARN_BOOL_CONVERSION = YES;
				CLANG_WARN_COMMA = YES;
				CLANG_WARN_CONSTANT_CONVERSION = YES;
				CLANG_WARN_DEPRECATED_OBJC_IMPLEMENTATIONS = YES;
				CLANG_WARN_DIRECT_OBJC_ISA_USAGE = YES_ERROR;
				CLANG_WARN_DOCUMENTATION_COMMENTS = YES;
				CLANG_WARN_EMPTY_BODY = YES;
				CLANG_WARN_ENUM_CONVERSION = YES;
				CLANG_WARN_INFINITE_RECURSION = YES;
				CLANG_WARN_INT_CONVERSION = YES;
				CLANG_WARN_NON_LITERAL_NULL_CONVERSION = YES;
				CLANG_WARN_OBJC_IMPLICIT_RETAIN_SELF = YES;
				CLANG_WARN_OBJC_LITERAL_CONVERSION = YES;
				CLANG_WARN_OBJC_ROOT_CLASS = YES_ERROR;
				CLANG_WARN_QUOTED_INCLUDE_IN_FRAMEWORK_HEADER = YES;
				CLANG_WARN_RANGE_LOOP_ANALYSIS = YES;
				CLANG_WARN_STRICT_PROTOTYPES = YES;
				CLANG_WARN_SUSPICIOUS_MOVE = YES;
				CLANG_WARN_UNGUARDED_AVAILABILITY = YES_AGGRESSIVE;
				CLANG_WARN_UNREACHABLE_CODE = YES;
				CLANG_WARN__DUPLICATE_METHOD_MATCH = YES;
				COPY_PHASE_STRIP = NO;
				DEBUG_INFORMATION_FORMAT = dwarf;
				ENABLE_STRICT_OBJC_MSGSEND = YES;
				ENABLE_TESTABILITY = YES;
				GCC_C_LANGUAGE_STANDARD = gnu11;
				GCC_DYNAMIC_NO_PIC = NO;
				GCC_NO_COMMON_BLOCKS = YES;
				GCC_OPTIMIZATION_LEVEL = 0;
				GCC_PREPROCESSOR_DEFINITIONS = (
					"DEBUG=1",
					"$(inherited)",
				);
				GCC_WARN_64_TO_32_BIT_CONVERSION = YES;
				GCC_WARN_ABOUT_RETURN_TYPE = YES_ERROR;
				GCC_WARN_UNDECLARED_SELECTOR = YES;
				GCC_WARN_UNINITIALIZED_AUTOS = YES_AGGRESSIVE;
				GCC_WARN_UNUSED_FUNCTION = YES;
				GCC_WARN_UNUSED_VARIABLE = YES;
				IPHONEOS_DEPLOYMENT_TARGET = 16.4;
				MTL_ENABLE_DEBUG_INFO = INCLUDE_SOURCE;
				MTL_FAST_MATH = YES;
				ONLY_ACTIVE_ARCH = YES;
				SDKROOT = iphoneos;
				SWIFT_ACTIVE_COMPILATION_CONDITIONS = DEBUG;
				SWIFT_OPTIMIZATION_LEVEL = "-Onone";
			};
			name = Debug;
		};
		9C70717F2AF0C5A5005BCA00 /* Release */ = {
			isa = XCBuildConfiguration;
			buildSettings = {
				ALWAYS_SEARCH_USER_PATHS = NO;
				CLANG_ANALYZER_NONNULL = YES;
				CLANG_ANALYZER_NUMBER_OBJECT_CONVERSION = YES_AGGRESSIVE;
				CLANG_CXX_LANGUAGE_STANDARD = "gnu++20";
				CLANG_ENABLE_MODULES = YES;
				CLANG_ENABLE_OBJC_ARC = YES;
				CLANG_ENABLE_OBJC_WEAK = YES;
				CLANG_WARN_BLOCK_CAPTURE_AUTORELEASING = YES;
				CLANG_WARN_BOOL_CONVERSION = YES;
				CLANG_WARN_COMMA = YES;
				CLANG_WARN_CONSTANT_CONVERSION = YES;
				CLANG_WARN_DEPRECATED_OBJC_IMPLEMENTATIONS = YES;
				CLANG_WARN_DIRECT_OBJC_ISA_USAGE = YES_ERROR;
				CLANG_WARN_DOCUMENTATION_COMMENTS = YES;
				CLANG_WARN_EMPTY_BODY = YES;
				CLANG_WARN_ENUM_CONVERSION = YES;
				CLANG_WARN_INFINITE_RECURSION = YES;
				CLANG_WARN_INT_CONVERSION = YES;
				CLANG_WARN_NON_LITERAL_NULL_CONVERSION = YES;
				CLANG_WARN_OBJC_IMPLICIT_RETAIN_SELF = YES;
				CLANG_WARN_OBJC_LITERAL_CONVERSION = YES;
				CLANG_WARN_OBJC_ROOT_CLASS = YES_ERROR;
				CLANG_WARN_QUOTED_INCLUDE_IN_FRAMEWORK_HEADER = YES;
				CLANG_WARN_RANGE_LOOP_ANALYSIS = YES;
				CLANG_WARN_STRICT_PROTOTYPES = YES;
				CLANG_WARN_SUSPICIOUS_MOVE = YES;
				CLANG_WARN_UNGUARDED_AVAILABILITY = YES_AGGRESSIVE;
				CLANG_WARN_UNREACHABLE_CODE = YES;
				CLANG_WARN__DUPLICATE_METHOD_MATCH = YES;
				COPY_PHASE_STRIP = NO;
				DEBUG_INFORMATION_FORMAT = "dwarf-with-dsym";
				ENABLE_NS_ASSERTIONS = NO;
				ENABLE_STRICT_OBJC_MSGSEND = YES;
				GCC_C_LANGUAGE_STANDARD = gnu11;
				GCC_NO_COMMON_BLOCKS = YES;
				GCC_WARN_64_TO_32_BIT_CONVERSION = YES;
				GCC_WARN_ABOUT_RETURN_TYPE = YES_ERROR;
				GCC_WARN_UNDECLARED_SELECTOR = YES;
				GCC_WARN_UNINITIALIZED_AUTOS = YES_AGGRESSIVE;
				GCC_WARN_UNUSED_FUNCTION = YES;
				GCC_WARN_UNUSED_VARIABLE = YES;
				IPHONEOS_DEPLOYMENT_TARGET = 16.4;
				MTL_ENABLE_DEBUG_INFO = NO;
				MTL_FAST_MATH = YES;
				SDKROOT = iphoneos;
				SWIFT_COMPILATION_MODE = wholemodule;
				SWIFT_OPTIMIZATION_LEVEL = "-O";
				VALIDATE_PRODUCT = YES;
			};
			name = Release;
		};
		9C7071812AF0C5A5005BCA00 /* Debug */ = {
			isa = XCBuildConfiguration;
			baseConfigurationReference = 47F2420C95C77D7F2BAD6076 /* Pods-SnapKitTutorial.debug.xcconfig */;
			buildSettings = {
				ASSETCATALOG_COMPILER_APPICON_NAME = AppIcon;
				ASSETCATALOG_COMPILER_GLOBAL_ACCENT_COLOR_NAME = AccentColor;
				CODE_SIGN_STYLE = Automatic;
				CURRENT_PROJECT_VERSION = 1;
				DEVELOPMENT_TEAM = KNU45PG8G9;
				GENERATE_INFOPLIST_FILE = YES;
				INFOPLIST_FILE = SnapKitTutorial/Info.plist;
				INFOPLIST_KEY_UIApplicationSupportsIndirectInputEvents = YES;
				INFOPLIST_KEY_UILaunchStoryboardName = LaunchScreen;
				INFOPLIST_KEY_UIMainStoryboardFile = Main;
				INFOPLIST_KEY_UISupportedInterfaceOrientations_iPad = "UIInterfaceOrientationPortrait UIInterfaceOrientationPortraitUpsideDown UIInterfaceOrientationLandscapeLeft UIInterfaceOrientationLandscapeRight";
				INFOPLIST_KEY_UISupportedInterfaceOrientations_iPhone = "UIInterfaceOrientationPortrait UIInterfaceOrientationLandscapeLeft UIInterfaceOrientationLandscapeRight";
				LD_RUNPATH_SEARCH_PATHS = (
					"$(inherited)",
					"@executable_path/Frameworks",
				);
				MARKETING_VERSION = 1.0;
				PRODUCT_BUNDLE_IDENTIFIER = com.ysome.SnapKitTutorial;
				PRODUCT_NAME = "$(TARGET_NAME)";
				SWIFT_EMIT_LOC_STRINGS = YES;
				SWIFT_VERSION = 5.0;
				TARGETED_DEVICE_FAMILY = "1,2";
			};
			name = Debug;
		};
		9C7071822AF0C5A5005BCA00 /* Release */ = {
			isa = XCBuildConfiguration;
			baseConfigurationReference = 79E2B69CAB5DD2BD54D566F5 /* Pods-SnapKitTutorial.release.xcconfig */;
			buildSettings = {
				ASSETCATALOG_COMPILER_APPICON_NAME = AppIcon;
				ASSETCATALOG_COMPILER_GLOBAL_ACCENT_COLOR_NAME = AccentColor;
				CODE_SIGN_STYLE = Automatic;
				CURRENT_PROJECT_VERSION = 1;
				DEVELOPMENT_TEAM = KNU45PG8G9;
				GENERATE_INFOPLIST_FILE = YES;
				INFOPLIST_FILE = SnapKitTutorial/Info.plist;
				INFOPLIST_KEY_UIApplicationSupportsIndirectInputEvents = YES;
				INFOPLIST_KEY_UILaunchStoryboardName = LaunchScreen;
				INFOPLIST_KEY_UIMainStoryboardFile = Main;
				INFOPLIST_KEY_UISupportedInterfaceOrientations_iPad = "UIInterfaceOrientationPortrait UIInterfaceOrientationPortraitUpsideDown UIInterfaceOrientationLandscapeLeft UIInterfaceOrientationLandscapeRight";
				INFOPLIST_KEY_UISupportedInterfaceOrientations_iPhone = "UIInterfaceOrientationPortrait UIInterfaceOrientationLandscapeLeft UIInterfaceOrientationLandscapeRight";
				LD_RUNPATH_SEARCH_PATHS = (
					"$(inherited)",
					"@executable_path/Frameworks",
				);
				MARKETING_VERSION = 1.0;
				PRODUCT_BUNDLE_IDENTIFIER = com.ysome.SnapKitTutorial;
				PRODUCT_NAME = "$(TARGET_NAME)";
				SWIFT_EMIT_LOC_STRINGS = YES;
				SWIFT_VERSION = 5.0;
				TARGETED_DEVICE_FAMILY = "1,2";
			};
			name = Release;
		};
/* End XCBuildConfiguration section */

/* Begin XCConfigurationList section */
		9C7071672AF0C5A4005BCA00 /* Build configuration list for PBXProject "SnapKitTutorial" */ = {
			isa = XCConfigurationList;
			buildConfigurations = (
				9C70717E2AF0C5A5005BCA00 /* Debug */,
				9C70717F2AF0C5A5005BCA00 /* Release */,
			);
			defaultConfigurationIsVisible = 0;
			defaultConfigurationName = Release;
		};
		9C7071802AF0C5A5005BCA00 /* Build configuration list for PBXNativeTarget "SnapKitTutorial" */ = {
			isa = XCConfigurationList;
			buildConfigurations = (
				9C7071812AF0C5A5005BCA00 /* Debug */,
				9C7071822AF0C5A5005BCA00 /* Release */,
			);
			defaultConfigurationIsVisible = 0;
			defaultConfigurationName = Release;
		};
/* End XCConfigurationList section */
	};
	rootObject = 9C7071642AF0C5A4005BCA00 /* Project object */;
}
